// !$*UTF8*$!
{
	archiveVersion = 1;
	classes = {
	};
	objectVersion = 56;
	objects = {

/* Begin PBXBuildFile section */
		2DB078F700234AA0567A1A5E /* HandyWidgets.appex in Embed App Extensions */ = {isa = PBXBuildFile; fileRef = 3B5D6BF25A32D0DD5B015770 /* HandyWidgets.appex */; settings = {ATTRIBUTES = (RemoveHeadersOnCopy, ); }; };
		30976DBF29F6320700229416 /* HandyTodoApp.swift in Sources */ = {isa = PBXBuildFile; fileRef = 30976DBE29F6320700229416 /* HandyTodoApp.swift */; };
		30976DC129F6320700229416 /* Persistence.swift in Sources */ = {isa = PBXBuildFile; fileRef = 30976DC029F6320700229416 /* Persistence.swift */; };
		30976DC629F6320700229416 /* ContentView.swift in Sources */ = {isa = PBXBuildFile; fileRef = 30976DC529F6320700229416 /* ContentView.swift */; };
		30976DC829F6320800229416 /* Assets.xcassets in Resources */ = {isa = PBXBuildFile; fileRef = 30976DC729F6320800229416 /* Assets.xcassets */; };
		30976DCC29F6320800229416 /* Preview Assets.xcassets in Resources */ = {isa = PBXBuildFile; fileRef = 30976DCB29F6320800229416 /* Preview Assets.xcassets */; };
		30976DD529F632CC00229416 /* CategoryModel.swift in Sources */ = {isa = PBXBuildFile; fileRef = 30976DD429F632CC00229416 /* CategoryModel.swift */; };
		30976DD829F6334300229416 /* Font+Primary.swift in Sources */ = {isa = PBXBuildFile; fileRef = 30976DD729F6334300229416 /* Font+Primary.swift */; };
		30976DDA29F6335F00229416 /* UIDevice+DeviceTypes.swift in Sources */ = {isa = PBXBuildFile; fileRef = 30976DD929F6335F00229416 /* UIDevice+DeviceTypes.swift */; };
		30976DDD29F6341E00229416 /* AddTodoItemView.swift in Sources */ = {isa = PBXBuildFile; fileRef = 30976DDC29F6341E00229416 /* AddTodoItemView.swift */; };
		30976DE029F6353700229416 /* TodoItemView.swift in Sources */ = {isa = PBXBuildFile; fileRef = 30976DDF29F6353700229416 /* TodoItemView.swift */; };
		30976DE329F6361B00229416 /* TodoCategoryView.swift in Sources */ = {isa = PBXBuildFile; fileRef = 30976DE229F6361B00229416 /* TodoCategoryView.swift */; };
		30ED7F6429F73162000DD6E4 /* View+Rotate.swift in Sources */ = {isa = PBXBuildFile; fileRef = 30ED7F6329F73162000DD6E4 /* View+Rotate.swift */; };
		30ED7F6729F7978B000DD6E4 /* CloudKit.framework in Frameworks */ = {isa = PBXBuildFile; fileRef = 30ED7F6629F7978B000DD6E4 /* CloudKit.framework */; };
		3C4619B2EE2C8EB71DDA3E85 /* Assets.xcassets in Resources */ = {isa = PBXBuildFile; fileRef = 30976DC729F6320800229416 /* Assets.xcassets */; };
		4495C06D80210ABD4D6D1D4E /* Font+Primary.swift in Sources */ = {isa = PBXBuildFile; fileRef = 30976DD729F6334300229416 /* Font+Primary.swift */; };
		469F0A010E41CD8B094D0CAA /* Boris.ttf in Resources */ = {isa = PBXBuildFile; fileRef = 2E2C6F495A0287D0F9D5367A /* Boris.ttf */; };
		4712A0636E9567CDC1BE8725 /* WidgetSnapshotPublisher.swift in Sources */ = {isa = PBXBuildFile; fileRef = 7DF152FED3D6B31040053836 /* WidgetSnapshotPublisher.swift */; };
		4EDE166DD888A642E82994A3 /* WidgetSnapshot.swift in Sources */ = {isa = PBXBuildFile; fileRef = AAFF8228C0DC56177B51CC8B /* WidgetSnapshot.swift */; };
		55D2C7F59F468763B5B1820D /* HandySymbol.swift in Sources */ = {isa = PBXBuildFile; fileRef = 50EC795CA26796567B8EABE8 /* HandySymbol.swift */; };
		63063BC1D3AF00FCEB01FE73 /* Boris-License.txt in Resources */ = {isa = PBXBuildFile; fileRef = 3EF957B6E2B9CA18DF23487C /* Boris-License.txt */; };
		6C6A9D7ED1A45A76EC8B500B /* TodoItem.swift in Sources */ = {isa = PBXBuildFile; fileRef = B26280C907690AEF85CD8C08 /* TodoItem.swift */; };
		6DB58E500D8CE7203D98D109 /* HandySymbol.swift in Sources */ = {isa = PBXBuildFile; fileRef = 50EC795CA26796567B8EABE8 /* HandySymbol.swift */; };
		70C4B4A302B8CFBBCA280412 /* HandyFeedbackSymbol.swift in Sources */ = {isa = PBXBuildFile; fileRef = A4A78EB5DCC75451C51EA21E /* HandyFeedbackSymbol.swift */; };
		85B4E49F8069C0A986D762C5 /* DoNowCard.swift in Sources */ = {isa = PBXBuildFile; fileRef = 6FE554DC077F63E0C50A3369 /* DoNowCard.swift */; };
		85E3C31356AB815C39A5EB60 /* HandyMorphPaths.swift in Sources */ = {isa = PBXBuildFile; fileRef = 7731C0E9F238CC031935897C /* HandyMorphPaths.swift */; };
		86FF4A47D19E88673DF780D1 /* WidgetSnapshot.swift in Sources */ = {isa = PBXBuildFile; fileRef = AAFF8228C0DC56177B51CC8B /* WidgetSnapshot.swift */; };
		883AE00A522AB019D48DC7D8 /* SettingsView.swift in Sources */ = {isa = PBXBuildFile; fileRef = 343A4FF33C35CC7793E03C50 /* SettingsView.swift */; };
		96017262AA87B72AC8BAA026 /* delete.wav in Resources */ = {isa = PBXBuildFile; fileRef = B5D0CC8F88C6B15EF6CB182F /* delete.wav */; };
		A4864BE55136913CE16DA571 /* complete.wav in Resources */ = {isa = PBXBuildFile; fileRef = 76ECB5695733B0B3DA527376 /* complete.wav */; };
		B34CB1F2CE2E325A9F230F44 /* HandyWidgets.swift in Sources */ = {isa = PBXBuildFile; fileRef = 4A9390360B319F52CDF9C793 /* HandyWidgets.swift */; };
		C628D6511D1A0650C65CC6AD /* Foundation.framework in Frameworks */ = {isa = PBXBuildFile; fileRef = 55BD291F213035828BA79E01 /* Foundation.framework */; };
		CED34C549156BF20865F5F38 /* Boris.ttf in Resources */ = {isa = PBXBuildFile; fileRef = 2E2C6F495A0287D0F9D5367A /* Boris.ttf */; };
		D48667A7D9CDF941C0D88B9F /* Boris-License.txt in Resources */ = {isa = PBXBuildFile; fileRef = 3EF957B6E2B9CA18DF23487C /* Boris-License.txt */; };
		EB4D53AD6D0778F2F5318DC3 /* TaskFeedback.swift in Sources */ = {isa = PBXBuildFile; fileRef = 45ECB29225405FC74577DC5C /* TaskFeedback.swift */; };
		F1B190F27E0A554DF0623232 /* HandyIcon.icon in Resources */ = {isa = PBXBuildFile; fileRef = 8567077C3A0D2E108451E5E6 /* HandyIcon.icon */; };
/* End PBXBuildFile section */

/* Begin PBXContainerItemProxy section */
		FC0887E53E00C775E2D0E891 /* PBXContainerItemProxy */ = {
			isa = PBXContainerItemProxy;
			containerPortal = 30976DB329F6320700229416 /* Project object */;
			proxyType = 1;
			remoteGlobalIDString = 2577B636419654F2747EA98E;
			remoteInfo = HandyWidgets;
		};
/* End PBXContainerItemProxy section */

/* Begin PBXCopyFilesBuildPhase section */
		D677AEAB9790A036D6153534 /* Embed App Extensions */ = {
			isa = PBXCopyFilesBuildPhase;
			buildActionMask = 2147483647;
			dstPath = "";
			dstSubfolderSpec = 13;
			files = (
				2DB078F700234AA0567A1A5E /* HandyWidgets.appex in Embed App Extensions */,
			);
			name = "Embed App Extensions";
			runOnlyForDeploymentPostprocessing = 0;
		};
/* End PBXCopyFilesBuildPhase section */

/* Begin PBXFileReference section */
		017649BC3EECD697C52E9F32 /* Info.plist */ = {isa = PBXFileReference; includeInIndex = 1; lastKnownFileType = text.plist.xml; path = Info.plist; sourceTree = "<group>"; };
		2E2C6F495A0287D0F9D5367A /* Boris.ttf */ = {isa = PBXFileReference; includeInIndex = 1; lastKnownFileType = file; path = Boris.ttf; sourceTree = "<group>"; };
		30976DBB29F6320700229416 /* handy.app */ = {isa = PBXFileReference; explicitFileType = wrapper.application; includeInIndex = 0; path = handy.app; sourceTree = BUILT_PRODUCTS_DIR; };
		30976DBE29F6320700229416 /* HandyTodoApp.swift */ = {isa = PBXFileReference; lastKnownFileType = sourcecode.swift; path = HandyTodoApp.swift; sourceTree = "<group>"; };
		30976DC029F6320700229416 /* Persistence.swift */ = {isa = PBXFileReference; lastKnownFileType = sourcecode.swift; path = Persistence.swift; sourceTree = "<group>"; };
		30976DC529F6320700229416 /* ContentView.swift */ = {isa = PBXFileReference; lastKnownFileType = sourcecode.swift; path = ContentView.swift; sourceTree = "<group>"; };
		30976DC729F6320800229416 /* Assets.xcassets */ = {isa = PBXFileReference; lastKnownFileType = folder.assetcatalog; path = Assets.xcassets; sourceTree = "<group>"; };
		30976DC929F6320800229416 /* HandyTodo.entitlements */ = {isa = PBXFileReference; lastKnownFileType = text.plist.entitlements; path = HandyTodo.entitlements; sourceTree = "<group>"; };
		30976DCB29F6320800229416 /* Preview Assets.xcassets */ = {isa = PBXFileReference; lastKnownFileType = folder.assetcatalog; path = "Preview Assets.xcassets"; sourceTree = "<group>"; };
		30976DD429F632CC00229416 /* CategoryModel.swift */ = {isa = PBXFileReference; lastKnownFileType = sourcecode.swift; path = CategoryModel.swift; sourceTree = "<group>"; };
		30976DD729F6334300229416 /* Font+Primary.swift */ = {isa = PBXFileReference; lastKnownFileType = sourcecode.swift; path = "Font+Primary.swift"; sourceTree = "<group>"; };
		30976DD929F6335F00229416 /* UIDevice+DeviceTypes.swift */ = {isa = PBXFileReference; lastKnownFileType = sourcecode.swift; path = "UIDevice+DeviceTypes.swift"; sourceTree = "<group>"; };
		30976DDC29F6341E00229416 /* AddTodoItemView.swift */ = {isa = PBXFileReference; lastKnownFileType = sourcecode.swift; path = AddTodoItemView.swift; sourceTree = "<group>"; };
		30976DDF29F6353700229416 /* TodoItemView.swift */ = {isa = PBXFileReference; lastKnownFileType = sourcecode.swift; path = TodoItemView.swift; sourceTree = "<group>"; };
		30976DE229F6361B00229416 /* TodoCategoryView.swift */ = {isa = PBXFileReference; lastKnownFileType = sourcecode.swift; path = TodoCategoryView.swift; sourceTree = "<group>"; };
		30976DEC29F713D800229416 /* EduQLDBeginner.ttf */ = {isa = PBXFileReference; lastKnownFileType = file; path = EduQLDBeginner.ttf; sourceTree = "<group>"; };
		30976DEE29F7141F00229416 /* Info.plist */ = {isa = PBXFileReference; lastKnownFileType = text.plist; path = Info.plist; sourceTree = "<group>"; };
		30ED7F6329F73162000DD6E4 /* View+Rotate.swift */ = {isa = PBXFileReference; lastKnownFileType = sourcecode.swift; path = "View+Rotate.swift"; sourceTree = "<group>"; };
		30ED7F6629F7978B000DD6E4 /* CloudKit.framework */ = {isa = PBXFileReference; lastKnownFileType = wrapper.framework; name = CloudKit.framework; path = System/Library/Frameworks/CloudKit.framework; sourceTree = SDKROOT; };
		343A4FF33C35CC7793E03C50 /* SettingsView.swift */ = {isa = PBXFileReference; includeInIndex = 1; lastKnownFileType = sourcecode.swift; path = SettingsView.swift; sourceTree = "<group>"; };
		3B5D6BF25A32D0DD5B015770 /* HandyWidgets.appex */ = {isa = PBXFileReference; explicitFileType = "wrapper.app-extension"; includeInIndex = 0; path = HandyWidgets.appex; sourceTree = BUILT_PRODUCTS_DIR; };
		3EF957B6E2B9CA18DF23487C /* Boris-License.txt */ = {isa = PBXFileReference; includeInIndex = 1; lastKnownFileType = text; path = "Boris-License.txt"; sourceTree = "<group>"; };
		45ECB29225405FC74577DC5C /* TaskFeedback.swift */ = {isa = PBXFileReference; includeInIndex = 1; lastKnownFileType = sourcecode.swift; path = TaskFeedback.swift; sourceTree = "<group>"; };
		4A9390360B319F52CDF9C793 /* HandyWidgets.swift */ = {isa = PBXFileReference; includeInIndex = 1; lastKnownFileType = sourcecode.swift; path = HandyWidgets.swift; sourceTree = "<group>"; };
		50EC795CA26796567B8EABE8 /* HandySymbol.swift */ = {isa = PBXFileReference; includeInIndex = 1; lastKnownFileType = sourcecode.swift; path = HandySymbol.swift; sourceTree = "<group>"; };
		55BD291F213035828BA79E01 /* Foundation.framework */ = {isa = PBXFileReference; lastKnownFileType = wrapper.framework; name = Foundation.framework; path = System/Library/Frameworks/Foundation.framework; sourceTree = SDKROOT; };
		6FE554DC077F63E0C50A3369 /* DoNowCard.swift */ = {isa = PBXFileReference; includeInIndex = 1; lastKnownFileType = sourcecode.swift; path = DoNowCard.swift; sourceTree = "<group>"; };
		71A2528BBBD670818A639331 /* HandyWidgets.entitlements */ = {isa = PBXFileReference; includeInIndex = 1; lastKnownFileType = text.plist.entitlements; path = HandyWidgets.entitlements; sourceTree = "<group>"; };
		76ECB5695733B0B3DA527376 /* complete.wav */ = {isa = PBXFileReference; includeInIndex = 1; lastKnownFileType = audio.wav; path = complete.wav; sourceTree = "<group>"; };
		7731C0E9F238CC031935897C /* HandyMorphPaths.swift */ = {isa = PBXFileReference; includeInIndex = 1; lastKnownFileType = sourcecode.swift; path = HandyMorphPaths.swift; sourceTree = "<group>"; };
		7DF152FED3D6B31040053836 /* WidgetSnapshotPublisher.swift */ = {isa = PBXFileReference; includeInIndex = 1; lastKnownFileType = sourcecode.swift; path = WidgetSnapshotPublisher.swift; sourceTree = "<group>"; };
		8567077C3A0D2E108451E5E6 /* HandyIcon.icon */ = {isa = PBXFileReference; includeInIndex = 1; lastKnownFileType = folder.icon; path = HandyIcon.icon; sourceTree = "<group>"; };
		A4A78EB5DCC75451C51EA21E /* HandyFeedbackSymbol.swift */ = {isa = PBXFileReference; includeInIndex = 1; lastKnownFileType = sourcecode.swift; path = HandyFeedbackSymbol.swift; sourceTree = "<group>"; };
		AAFF8228C0DC56177B51CC8B /* WidgetSnapshot.swift */ = {isa = PBXFileReference; includeInIndex = 1; lastKnownFileType = sourcecode.swift; path = WidgetSnapshot.swift; sourceTree = "<group>"; };
		B26280C907690AEF85CD8C08 /* TodoItem.swift */ = {isa = PBXFileReference; includeInIndex = 1; lastKnownFileType = sourcecode.swift; path = TodoItem.swift; sourceTree = "<group>"; };
		B5D0CC8F88C6B15EF6CB182F /* delete.wav */ = {isa = PBXFileReference; includeInIndex = 1; lastKnownFileType = audio.wav; path = delete.wav; sourceTree = "<group>"; };
/* End PBXFileReference section */

/* Begin PBXFrameworksBuildPhase section */
		30976DB829F6320700229416 /* Frameworks */ = {
			isa = PBXFrameworksBuildPhase;
			buildActionMask = 2147483647;
			files = (
				30ED7F6729F7978B000DD6E4 /* CloudKit.framework in Frameworks */,
			);
			runOnlyForDeploymentPostprocessing = 0;
		};
		8F8105994FB2803A4A572A63 /* Frameworks */ = {
			isa = PBXFrameworksBuildPhase;
			buildActionMask = 2147483647;
			files = (
				C628D6511D1A0650C65CC6AD /* Foundation.framework in Frameworks */,
			);
			runOnlyForDeploymentPostprocessing = 0;
		};
/* End PBXFrameworksBuildPhase section */

/* Begin PBXGroup section */
		00B876F0ED495954183FE0FB /* Shared */ = {
			isa = PBXGroup;
			children = (
				AAFF8228C0DC56177B51CC8B /* WidgetSnapshot.swift */,
				50EC795CA26796567B8EABE8 /* HandySymbol.swift */,
				A4A78EB5DCC75451C51EA21E /* HandyFeedbackSymbol.swift */,
				7731C0E9F238CC031935897C /* HandyMorphPaths.swift */,
				6FE554DC077F63E0C50A3369 /* DoNowCard.swift */,
			);
			path = Shared;
			sourceTree = "<group>";
		};
		1493E2BA8C040CA7D86E42C8 /* iOS */ = {
			isa = PBXGroup;
			children = (
				55BD291F213035828BA79E01 /* Foundation.framework */,
			);
			name = iOS;
			sourceTree = "<group>";
		};
		30976DB229F6320700229416 = {
			isa = PBXGroup;
			children = (
				30976DBD29F6320700229416 /* handy */,
				30976DBC29F6320700229416 /* Products */,
				30ED7F6529F7978B000DD6E4 /* Frameworks */,
				00B876F0ED495954183FE0FB /* Shared */,
				7D1748CBCD90F510C6566D13 /* HandyWidgets */,
			);
			sourceTree = "<group>";
		};
		30976DBC29F6320700229416 /* Products */ = {
			isa = PBXGroup;
			children = (
				30976DBB29F6320700229416 /* handy.app */,
				3B5D6BF25A32D0DD5B015770 /* HandyWidgets.appex */,
			);
			name = Products;
			sourceTree = "<group>";
		};
		30976DBD29F6320700229416 /* handy */ = {
			isa = PBXGroup;
			children = (
				30976DEE29F7141F00229416 /* Info.plist */,
				30976DEB29F713C900229416 /* Fonts */,
				30976DE429F6367B00229416 /* Services */,
				30976DD629F6332A00229416 /* Utils */,
				30976DD329F632C100229416 /* Models */,
				30976DD229F632A200229416 /* Views */,
				30976DBE29F6320700229416 /* HandyTodoApp.swift */,
				30976DC029F6320700229416 /* Persistence.swift */,
				30976DC729F6320800229416 /* Assets.xcassets */,
				30976DC929F6320800229416 /* HandyTodo.entitlements */,
				30976DCA29F6320800229416 /* Preview Content */,
				C4668CF99C8642EA9AD1749C /* Sounds */,
				8567077C3A0D2E108451E5E6 /* HandyIcon.icon */,
			);
			name = handy;
			path = HandyTodo;
			sourceTree = "<group>";
		};
		30976DCA29F6320800229416 /* Preview Content */ = {
			isa = PBXGroup;
			children = (
				30976DCB29F6320800229416 /* Preview Assets.xcassets */,
			);
			path = "Preview Content";
			sourceTree = "<group>";
		};
		30976DD229F632A200229416 /* Views */ = {
			isa = PBXGroup;
			children = (
				30976DC529F6320700229416 /* ContentView.swift */,
				30976DDC29F6341E00229416 /* AddTodoItemView.swift */,
				30976DDF29F6353700229416 /* TodoItemView.swift */,
				30976DE229F6361B00229416 /* TodoCategoryView.swift */,
				343A4FF33C35CC7793E03C50 /* SettingsView.swift */,
			);
			path = Views;
			sourceTree = "<group>";
		};
		30976DD329F632C100229416 /* Models */ = {
			isa = PBXGroup;
			children = (
				30976DD429F632CC00229416 /* CategoryModel.swift */,
				B26280C907690AEF85CD8C08 /* TodoItem.swift */,
			);
			path = Models;
			sourceTree = "<group>";
		};
		30976DD629F6332A00229416 /* Utils */ = {
			isa = PBXGroup;
			children = (
				30976DD729F6334300229416 /* Font+Primary.swift */,
				30976DD929F6335F00229416 /* UIDevice+DeviceTypes.swift */,
				30ED7F6329F73162000DD6E4 /* View+Rotate.swift */,
			);
			path = Utils;
			sourceTree = "<group>";
		};
		30976DE429F6367B00229416 /* Services */ = {
			isa = PBXGroup;
			children = (
				45ECB29225405FC74577DC5C /* TaskFeedback.swift */,
				7DF152FED3D6B31040053836 /* WidgetSnapshotPublisher.swift */,
			);
			path = Services;
			sourceTree = "<group>";
		};
		30976DEB29F713C900229416 /* Fonts */ = {
			isa = PBXGroup;
			children = (
				30976DEC29F713D800229416 /* EduQLDBeginner.ttf */,
				2E2C6F495A0287D0F9D5367A /* Boris.ttf */,
				3EF957B6E2B9CA18DF23487C /* Boris-License.txt */,
			);
			path = Fonts;
			sourceTree = "<group>";
		};
		30ED7F6529F7978B000DD6E4 /* Frameworks */ = {
			isa = PBXGroup;
			children = (
				30ED7F6629F7978B000DD6E4 /* CloudKit.framework */,
				1493E2BA8C040CA7D86E42C8 /* iOS */,
			);
			name = Frameworks;
			sourceTree = "<group>";
		};
		7D1748CBCD90F510C6566D13 /* HandyWidgets */ = {
			isa = PBXGroup;
			children = (
				4A9390360B319F52CDF9C793 /* HandyWidgets.swift */,
				017649BC3EECD697C52E9F32 /* Info.plist */,
				71A2528BBBD670818A639331 /* HandyWidgets.entitlements */,
			);
			path = HandyWidgets;
			sourceTree = "<group>";
		};
		C4668CF99C8642EA9AD1749C /* Sounds */ = {
			isa = PBXGroup;
			children = (
				76ECB5695733B0B3DA527376 /* complete.wav */,
				B5D0CC8F88C6B15EF6CB182F /* delete.wav */,
			);
			path = Sounds;
			sourceTree = "<group>";
		};
/* End PBXGroup section */

/* Begin PBXNativeTarget section */
		2577B636419654F2747EA98E /* HandyWidgets */ = {
			isa = PBXNativeTarget;
			buildConfigurationList = F92B138914BA9D7B90495F77 /* Build configuration list for PBXNativeTarget "HandyWidgets" */;
			buildPhases = (
				50F31613116CF88EC59C958F /* Sources */,
				8F8105994FB2803A4A572A63 /* Frameworks */,
				3E7AD6278ABCD8CDFC1958BF /* Resources */,
			);
			buildRules = (
			);
			dependencies = (
			);
			name = HandyWidgets;
			productName = HandyWidgets;
			productReference = 3B5D6BF25A32D0DD5B015770 /* HandyWidgets.appex */;
			productType = "com.apple.product-type.app-extension";
		};
		30976DBA29F6320700229416 /* handy */ = {
			isa = PBXNativeTarget;
			buildConfigurationList = 30976DCF29F6320800229416 /* Build configuration list for PBXNativeTarget "handy" */;
			buildPhases = (
				30976DB729F6320700229416 /* Sources */,
				30976DB829F6320700229416 /* Frameworks */,
				30976DB929F6320700229416 /* Resources */,
				D677AEAB9790A036D6153534 /* Embed App Extensions */,
			);
			buildRules = (
			);
			dependencies = (
				53310743707E628AE3742E6F /* PBXTargetDependency */,
			);
			name = handy;
			productName = handy;
			productReference = 30976DBB29F6320700229416 /* handy.app */;
			productType = "com.apple.product-type.application";
		};
/* End PBXNativeTarget section */

/* Begin PBXProject section */
		30976DB329F6320700229416 /* Project object */ = {
			isa = PBXProject;
			attributes = {
				BuildIndependentTargetsInParallel = 1;
				LastSwiftUpdateCheck = 1430;
				LastUpgradeCheck = 1430;
				TargetAttributes = {
					2577B636419654F2747EA98E = {
						SystemCapabilities = {
							com.apple.ApplicationGroups.iOS = {
								enabled = 1;
							};
						};
					};
					30976DBA29F6320700229416 = {
						CreatedOnToolsVersion = 14.3;
						SystemCapabilities = {
							com.apple.ApplicationGroups.iOS = {
								enabled = 1;
							};
						};
					};
				};
			};
			buildConfigurationList = 30976DB629F6320700229416 /* Build configuration list for PBXProject "HandyTodo" */;
			compatibilityVersion = "Xcode 14.0";
			developmentRegion = en;
			hasScannedForEncodings = 0;
			knownRegions = (
				en,
				Base,
			);
			mainGroup = 30976DB229F6320700229416;
			productRefGroup = 30976DBC29F6320700229416 /* Products */;
			projectDirPath = "";
			projectRoot = "";
			targets = (
				30976DBA29F6320700229416 /* handy */,
				2577B636419654F2747EA98E /* HandyWidgets */,
			);
		};
/* End PBXProject section */

/* Begin PBXResourcesBuildPhase section */
		30976DB929F6320700229416 /* Resources */ = {
			isa = PBXResourcesBuildPhase;
			buildActionMask = 2147483647;
			files = (
				30976DCC29F6320800229416 /* Preview Assets.xcassets in Resources */,
				30976DC829F6320800229416 /* Assets.xcassets in Resources */,
				CED34C549156BF20865F5F38 /* Boris.ttf in Resources */,
				63063BC1D3AF00FCEB01FE73 /* Boris-License.txt in Resources */,
				A4864BE55136913CE16DA571 /* complete.wav in Resources */,
				96017262AA87B72AC8BAA026 /* delete.wav in Resources */,
				F1B190F27E0A554DF0623232 /* HandyIcon.icon in Resources */,
			);
			runOnlyForDeploymentPostprocessing = 0;
		};
		3E7AD6278ABCD8CDFC1958BF /* Resources */ = {
			isa = PBXResourcesBuildPhase;
			buildActionMask = 2147483647;
			files = (
				469F0A010E41CD8B094D0CAA /* Boris.ttf in Resources */,
				D48667A7D9CDF941C0D88B9F /* Boris-License.txt in Resources */,
				3C4619B2EE2C8EB71DDA3E85 /* Assets.xcassets in Resources */,
			);
			runOnlyForDeploymentPostprocessing = 0;
		};
/* End PBXResourcesBuildPhase section */

/* Begin PBXSourcesBuildPhase section */
		30976DB729F6320700229416 /* Sources */ = {
			isa = PBXSourcesBuildPhase;
			buildActionMask = 2147483647;
			files = (
				30ED7F6429F73162000DD6E4 /* View+Rotate.swift in Sources */,
				30976DDD29F6341E00229416 /* AddTodoItemView.swift in Sources */,
				30976DBF29F6320700229416 /* HandyTodoApp.swift in Sources */,
				30976DC629F6320700229416 /* ContentView.swift in Sources */,
				30976DE329F6361B00229416 /* TodoCategoryView.swift in Sources */,
				30976DD829F6334300229416 /* Font+Primary.swift in Sources */,
				30976DE029F6353700229416 /* TodoItemView.swift in Sources */,
				30976DD529F632CC00229416 /* CategoryModel.swift in Sources */,
				30976DC129F6320700229416 /* Persistence.swift in Sources */,
				30976DDA29F6335F00229416 /* UIDevice+DeviceTypes.swift in Sources */,
				EB4D53AD6D0778F2F5318DC3 /* TaskFeedback.swift in Sources */,
				4712A0636E9567CDC1BE8725 /* WidgetSnapshotPublisher.swift in Sources */,
				883AE00A522AB019D48DC7D8 /* SettingsView.swift in Sources */,
				4EDE166DD888A642E82994A3 /* WidgetSnapshot.swift in Sources */,
				6C6A9D7ED1A45A76EC8B500B /* TodoItem.swift in Sources */,
				55D2C7F59F468763B5B1820D /* HandySymbol.swift in Sources */,
				70C4B4A302B8CFBBCA280412 /* HandyFeedbackSymbol.swift in Sources */,
				85E3C31356AB815C39A5EB60 /* HandyMorphPaths.swift in Sources */,
				85B4E49F8069C0A986D762C5 /* DoNowCard.swift in Sources */,
			);
			runOnlyForDeploymentPostprocessing = 0;
		};
		50F31613116CF88EC59C958F /* Sources */ = {
			isa = PBXSourcesBuildPhase;
			buildActionMask = 2147483647;
			files = (
				B34CB1F2CE2E325A9F230F44 /* HandyWidgets.swift in Sources */,
				86FF4A47D19E88673DF780D1 /* WidgetSnapshot.swift in Sources */,
				4495C06D80210ABD4D6D1D4E /* Font+Primary.swift in Sources */,
				6DB58E500D8CE7203D98D109 /* HandySymbol.swift in Sources */,
			);
			runOnlyForDeploymentPostprocessing = 0;
		};
/* End PBXSourcesBuildPhase section */

/* Begin PBXTargetDependency section */
		53310743707E628AE3742E6F /* PBXTargetDependency */ = {
			isa = PBXTargetDependency;
			name = HandyWidgets;
			target = 2577B636419654F2747EA98E /* HandyWidgets */;
			targetProxy = FC0887E53E00C775E2D0E891 /* PBXContainerItemProxy */;
		};
/* End PBXTargetDependency section */

/* Begin XCBuildConfiguration section */
		30976DCD29F6320800229416 /* Debug */ = {
			isa = XCBuildConfiguration;
			buildSettings = {
				ALWAYS_SEARCH_USER_PATHS = NO;
				CLANG_ANALYZER_NONNULL = YES;
				CLANG_ANALYZER_NUMBER_OBJECT_CONVERSION = YES_AGGRESSIVE;
				CLANG_CXX_LANGUAGE_STANDARD = "gnu++20";
				CLANG_ENABLE_MODULES = YES;
				CLANG_ENABLE_OBJC_ARC = YES;
				CLANG_ENABLE_OBJC_WEAK = YES;
				CLANG_WARN_BLOCK_CAPTURE_AUTORELEASING = YES;
				CLANG_WARN_BOOL_CONVERSION = YES;
				CLANG_WARN_COMMA = YES;
				CLANG_WARN_CONSTANT_CONVERSION = YES;
				CLANG_WARN_DEPRECATED_OBJC_IMPLEMENTATIONS = YES;
				CLANG_WARN_DIRECT_OBJC_ISA_USAGE = YES_ERROR;
				CLANG_WARN_DOCUMENTATION_COMMENTS = YES;
				CLANG_WARN_EMPTY_BODY = YES;
				CLANG_WARN_ENUM_CONVERSION = YES;
				CLANG_WARN_INFINITE_RECURSION = YES;
				CLANG_WARN_INT_CONVERSION = YES;
				CLANG_WARN_NON_LITERAL_NULL_CONVERSION = YES;
				CLANG_WARN_OBJC_IMPLICIT_RETAIN_SELF = YES;
				CLANG_WARN_OBJC_LITERAL_CONVERSION = YES;
				CLANG_WARN_OBJC_ROOT_CLASS = YES_ERROR;
				CLANG_WARN_QUOTED_INCLUDE_IN_FRAMEWORK_HEADER = YES;
				CLANG_WARN_RANGE_LOOP_ANALYSIS = YES;
				CLANG_WARN_STRICT_PROTOTYPES = YES;
				CLANG_WARN_SUSPICIOUS_MOVE = YES;
				CLANG_WARN_UNGUARDED_AVAILABILITY = YES_AGGRESSIVE;
				CLANG_WARN_UNREACHABLE_CODE = YES;
				CLANG_WARN__DUPLICATE_METHOD_MATCH = YES;
				COPY_PHASE_STRIP = NO;
				DEBUG_INFORMATION_FORMAT = dwarf;
				ENABLE_STRICT_OBJC_MSGSEND = YES;
				ENABLE_TESTABILITY = YES;
				GCC_C_LANGUAGE_STANDARD = gnu11;
				GCC_DYNAMIC_NO_PIC = NO;
				GCC_NO_COMMON_BLOCKS = YES;
				GCC_OPTIMIZATION_LEVEL = 0;
				GCC_PREPROCESSOR_DEFINITIONS = (
					"DEBUG=1",
					"$(inherited)",
				);
				GCC_WARN_64_TO_32_BIT_CONVERSION = YES;
				GCC_WARN_ABOUT_RETURN_TYPE = YES_ERROR;
				GCC_WARN_UNDECLARED_SELECTOR = YES;
				GCC_WARN_UNINITIALIZED_AUTOS = YES_AGGRESSIVE;
				GCC_WARN_UNUSED_FUNCTION = YES;
				GCC_WARN_UNUSED_VARIABLE = YES;
				MTL_ENABLE_DEBUG_INFO = INCLUDE_SOURCE;
				MTL_FAST_MATH = YES;
				ONLY_ACTIVE_ARCH = YES;
				SWIFT_ACTIVE_COMPILATION_CONDITIONS = DEBUG;
				SWIFT_OPTIMIZATION_LEVEL = "-Onone";
			};
			name = Debug;
		};
		30976DCE29F6320800229416 /* Release */ = {
			isa = XCBuildConfiguration;
			buildSettings = {
				ALWAYS_SEARCH_USER_PATHS = NO;
				CLANG_ANALYZER_NONNULL = YES;
				CLANG_ANALYZER_NUMBER_OBJECT_CONVERSION = YES_AGGRESSIVE;
				CLANG_CXX_LANGUAGE_STANDARD = "gnu++20";
				CLANG_ENABLE_MODULES = YES;
				CLANG_ENABLE_OBJC_ARC = YES;
				CLANG_ENABLE_OBJC_WEAK = YES;
				CLANG_WARN_BLOCK_CAPTURE_AUTORELEASING = YES;
				CLANG_WARN_BOOL_CONVERSION = YES;
				CLANG_WARN_COMMA = YES;
				CLANG_WARN_CONSTANT_CONVERSION = YES;
				CLANG_WARN_DEPRECATED_OBJC_IMPLEMENTATIONS = YES;
				CLANG_WARN_DIRECT_OBJC_ISA_USAGE = YES_ERROR;
				CLANG_WARN_DOCUMENTATION_COMMENTS = YES;
				CLANG_WARN_EMPTY_BODY = YES;
				CLANG_WARN_ENUM_CONVERSION = YES;
				CLANG_WARN_INFINITE_RECURSION = YES;
				CLANG_WARN_INT_CONVERSION = YES;
				CLANG_WARN_NON_LITERAL_NULL_CONVERSION = YES;
				CLANG_WARN_OBJC_IMPLICIT_RETAIN_SELF = YES;
				CLANG_WARN_OBJC_LITERAL_CONVERSION = YES;
				CLANG_WARN_OBJC_ROOT_CLASS = YES_ERROR;
				CLANG_WARN_QUOTED_INCLUDE_IN_FRAMEWORK_HEADER = YES;
				CLANG_WARN_RANGE_LOOP_ANALYSIS = YES;
				CLANG_WARN_STRICT_PROTOTYPES = YES;
				CLANG_WARN_SUSPICIOUS_MOVE = YES;
				CLANG_WARN_UNGUARDED_AVAILABILITY = YES_AGGRESSIVE;
				CLANG_WARN_UNREACHABLE_CODE = YES;
				CLANG_WARN__DUPLICATE_METHOD_MATCH = YES;
				COPY_PHASE_STRIP = NO;
				DEBUG_INFORMATION_FORMAT = "dwarf-with-dsym";
				ENABLE_NS_ASSERTIONS = NO;
				ENABLE_STRICT_OBJC_MSGSEND = YES;
				GCC_C_LANGUAGE_STANDARD = gnu11;
				GCC_NO_COMMON_BLOCKS = YES;
				GCC_WARN_64_TO_32_BIT_CONVERSION = YES;
				GCC_WARN_ABOUT_RETURN_TYPE = YES_ERROR;
				GCC_WARN_UNDECLARED_SELECTOR = YES;
				GCC_WARN_UNINITIALIZED_AUTOS = YES_AGGRESSIVE;
				GCC_WARN_UNUSED_FUNCTION = YES;
				GCC_WARN_UNUSED_VARIABLE = YES;
				MTL_ENABLE_DEBUG_INFO = NO;
				MTL_FAST_MATH = YES;
				SWIFT_COMPILATION_MODE = wholemodule;
				SWIFT_OPTIMIZATION_LEVEL = "-O";
			};
			name = Release;
		};
		30976DD029F6320800229416 /* Debug */ = {
			isa = XCBuildConfiguration;
			buildSettings = {
				ASSETCATALOG_COMPILER_APPICON_NAME = HandyIcon;
				ASSETCATALOG_COMPILER_GLOBAL_ACCENT_COLOR_NAME = AccentColor;
				CODE_SIGN_ENTITLEMENTS = HandyTodo/HandyTodo.entitlements;
				CODE_SIGN_IDENTITY = "Apple Development";
				CODE_SIGN_STYLE = Automatic;
				CURRENT_PROJECT_VERSION = 100;
				DEVELOPMENT_ASSET_PATHS = "\"HandyTodo/Preview Content\"";
				DEVELOPMENT_TEAM = V3HN8HXZYK;
				ENABLE_HARDENED_RUNTIME = YES;
				ENABLE_PREVIEWS = YES;
				GENERATE_INFOPLIST_FILE = YES;
				INFOPLIST_FILE = HandyTodo/Info.plist;
				INFOPLIST_KEY_CFBundleDisplayName = handy;
				INFOPLIST_KEY_CFBundleName = handy;
				INFOPLIST_KEY_ITSAppUsesNonExemptEncryption = NO;
				INFOPLIST_KEY_LSApplicationCategoryType = "public.app-category.productivity";
				INFOPLIST_KEY_UIApplicationSceneManifest_Generation = YES;
				"INFOPLIST_KEY_UIApplicationSceneManifest_Generation[sdk=iphoneos*]" = YES;
				"INFOPLIST_KEY_UIApplicationSceneManifest_Generation[sdk=iphonesimulator*]" = YES;
				INFOPLIST_KEY_UIApplicationSupportsIndirectInputEvents = YES;
				"INFOPLIST_KEY_UIApplicationSupportsIndirectInputEvents[sdk=iphoneos*]" = YES;
				"INFOPLIST_KEY_UIApplicationSupportsIndirectInputEvents[sdk=iphonesimulator*]" = YES;
				INFOPLIST_KEY_UILaunchScreen_Generation = YES;
				"INFOPLIST_KEY_UILaunchScreen_Generation[sdk=iphoneos*]" = YES;
				"INFOPLIST_KEY_UILaunchScreen_Generation[sdk=iphonesimulator*]" = YES;
				INFOPLIST_KEY_UIStatusBarStyle = UIStatusBarStyleDefault;
				"INFOPLIST_KEY_UIStatusBarStyle[sdk=iphoneos*]" = UIStatusBarStyleDefault;
				"INFOPLIST_KEY_UIStatusBarStyle[sdk=iphonesimulator*]" = UIStatusBarStyleDefault;
				INFOPLIST_KEY_UISupportedInterfaceOrientations_iPad = "UIInterfaceOrientationPortrait UIInterfaceOrientationPortraitUpsideDown UIInterfaceOrientationLandscapeLeft UIInterfaceOrientationLandscapeRight";
				INFOPLIST_KEY_UISupportedInterfaceOrientations_iPhone = "UIInterfaceOrientationPortrait UIInterfaceOrientationLandscapeLeft UIInterfaceOrientationLandscapeRight";
				IPHONEOS_DEPLOYMENT_TARGET = 17.0;
				LD_RUNPATH_SEARCH_PATHS = "@executable_path/Frameworks";
				"LD_RUNPATH_SEARCH_PATHS[sdk=macosx*]" = "@executable_path/../Frameworks";
				MACOSX_DEPLOYMENT_TARGET = 13.3;
				MARKETING_VERSION = 26.19.03;
				PRODUCT_BUNDLE_IDENTIFIER = com.stringsaeed.handy.todo;
				PRODUCT_NAME = handy;
				PROVISIONING_PROFILE_SPECIFIER = "";
				SDKROOT = iphoneos;
				SUPPORTED_PLATFORMS = "iphoneos iphonesimulator";
				SUPPORTS_MACCATALYST = NO;
				SUPPORTS_MAC_DESIGNED_FOR_IPHONE_IPAD = YES;
				SWIFT_EMIT_LOC_STRINGS = YES;
				SWIFT_VERSION = 5.0;
				TARGETED_DEVICE_FAMILY = "1,2";
			};
			name = Debug;
		};
		30976DD129F6320800229416 /* Release */ = {
			isa = XCBuildConfiguration;
			buildSettings = {
				ASSETCATALOG_COMPILER_APPICON_NAME = HandyIcon;
				ASSETCATALOG_COMPILER_GLOBAL_ACCENT_COLOR_NAME = AccentColor;
				CODE_SIGN_ENTITLEMENTS = HandyTodo/HandyTodo.entitlements;
				CODE_SIGN_IDENTITY = "Apple Development";
				CODE_SIGN_STYLE = Automatic;
				CURRENT_PROJECT_VERSION = 100;
				DEVELOPMENT_ASSET_PATHS = "\"HandyTodo/Preview Content\"";
				DEVELOPMENT_TEAM = V3HN8HXZYK;
				ENABLE_HARDENED_RUNTIME = YES;
				ENABLE_PREVIEWS = YES;
				GENERATE_INFOPLIST_FILE = YES;
				INFOPLIST_FILE = HandyTodo/Info.plist;
				INFOPLIST_KEY_CFBundleDisplayName = handy;
				INFOPLIST_KEY_CFBundleName = handy;
				INFOPLIST_KEY_ITSAppUsesNonExemptEncryption = NO;
				INFOPLIST_KEY_LSApplicationCategoryType = "public.app-category.productivity";
				INFOPLIST_KEY_UIApplicationSceneManifest_Generation = YES;
				"INFOPLIST_KEY_UIApplicationSceneManifest_Generation[sdk=iphoneos*]" = YES;
				"INFOPLIST_KEY_UIApplicationSceneManifest_Generation[sdk=iphonesimulator*]" = YES;
				INFOPLIST_KEY_UIApplicationSupportsIndirectInputEvents = YES;
				"INFOPLIST_KEY_UIApplicationSupportsIndirectInputEvents[sdk=iphoneos*]" = YES;
				"INFOPLIST_KEY_UIApplicationSupportsIndirectInputEvents[sdk=iphonesimulator*]" = YES;
				INFOPLIST_KEY_UILaunchScreen_Generation = YES;
				"INFOPLIST_KEY_UILaunchScreen_Generation[sdk=iphoneos*]" = YES;
				"INFOPLIST_KEY_UILaunchScreen_Generation[sdk=iphonesimulator*]" = YES;
				INFOPLIST_KEY_UIStatusBarStyle = UIStatusBarStyleDefault;
				"INFOPLIST_KEY_UIStatusBarStyle[sdk=iphoneos*]" = UIStatusBarStyleDefault;
				"INFOPLIST_KEY_UIStatusBarStyle[sdk=iphonesimulator*]" = UIStatusBarStyleDefault;
				INFOPLIST_KEY_UISupportedInterfaceOrientations_iPad = "UIInterfaceOrientationPortrait UIInterfaceOrientationPortraitUpsideDown UIInterfaceOrientationLandscapeLeft UIInterfaceOrientationLandscapeRight";
				INFOPLIST_KEY_UISupportedInterfaceOrientations_iPhone = "UIInterfaceOrientationPortrait UIInterfaceOrientationLandscapeLeft UIInterfaceOrientationLandscapeRight";
				IPHONEOS_DEPLOYMENT_TARGET = 17.0;
				LD_RUNPATH_SEARCH_PATHS = "@executable_path/Frameworks";
				"LD_RUNPATH_SEARCH_PATHS[sdk=macosx*]" = "@executable_path/../Frameworks";
				MACOSX_DEPLOYMENT_TARGET = 13.3;
				MARKETING_VERSION = 26.19.03;
				PRODUCT_BUNDLE_IDENTIFIER = com.stringsaeed.handy.todo;
				PRODUCT_NAME = handy;
				PROVISIONING_PROFILE_SPECIFIER = "";
				SDKROOT = iphoneos;
				SUPPORTED_PLATFORMS = "iphoneos iphonesimulator";
				SUPPORTS_MACCATALYST = NO;
				SUPPORTS_MAC_DESIGNED_FOR_IPHONE_IPAD = YES;
				SWIFT_EMIT_LOC_STRINGS = YES;
				SWIFT_VERSION = 5.0;
				TARGETED_DEVICE_FAMILY = "1,2";
			};
			name = Release;
		};
		6D055829BA998ED3BC1D8964 /* Release */ = {
			isa = XCBuildConfiguration;
			buildSettings = {
				APPLICATION_EXTENSION_API_ONLY = YES;
				CLANG_ENABLE_OBJC_WEAK = NO;
				CODE_SIGN_ENTITLEMENTS = HandyWidgets/HandyWidgets.entitlements;
				CODE_SIGN_STYLE = Automatic;
				CURRENT_PROJECT_VERSION = 1;
				DEVELOPMENT_TEAM = V3HN8HXZYK;
				GENERATE_INFOPLIST_FILE = YES;
				INFOPLIST_FILE = HandyWidgets/Info.plist;
				INFOPLIST_KEY_CFBundleDisplayName = handy;
				IPHONEOS_DEPLOYMENT_TARGET = 17.0;
				LD_RUNPATH_SEARCH_PATHS = (
					"$(inherited)",
					"@executable_path/Frameworks",
					"@executable_path/../../Frameworks",
				);
				MARKETING_VERSION = 2.0;
				PRODUCT_BUNDLE_IDENTIFIER = com.stringsaeed.handy.todo.widgets;
				PRODUCT_NAME = "$(TARGET_NAME)";
				SDKROOT = iphoneos;
				SKIP_INSTALL = YES;
				SWIFT_VERSION = 5.0;
				TARGETED_DEVICE_FAMILY = "1,2";
				VALIDATE_PRODUCT = YES;
			};
			name = Release;
		};
		90F80A155A93BD14F9FCA040 /* Debug */ = {
			isa = XCBuildConfiguration;
			buildSettings = {
				APPLICATION_EXTENSION_API_ONLY = YES;
				CLANG_ENABLE_OBJC_WEAK = NO;
				CODE_SIGN_ENTITLEMENTS = HandyWidgets/HandyWidgets.entitlements;
				CODE_SIGN_STYLE = Automatic;
				CURRENT_PROJECT_VERSION = 1;
				DEVELOPMENT_TEAM = V3HN8HXZYK;
				GENERATE_INFOPLIST_FILE = YES;
				INFOPLIST_FILE = HandyWidgets/Info.plist;
				INFOPLIST_KEY_CFBundleDisplayName = handy;
				IPHONEOS_DEPLOYMENT_TARGET = 17.0;
				LD_RUNPATH_SEARCH_PATHS = (
					"$(inherited)",
					"@executable_path/Frameworks",
					"@executable_path/../../Frameworks",
				);
				MARKETING_VERSION = 2.0;
				PRODUCT_BUNDLE_IDENTIFIER = com.stringsaeed.handy.todo.widgets;
				PRODUCT_NAME = "$(TARGET_NAME)";
				SDKROOT = iphoneos;
				SKIP_INSTALL = YES;
				SWIFT_VERSION = 5.0;
				TARGETED_DEVICE_FAMILY = "1,2";
			};
			name = Debug;
		};
/* End XCBuildConfiguration section */

/* Begin XCConfigurationList section */
		30976DB629F6320700229416 /* Build configuration list for PBXProject "HandyTodo" */ = {
			isa = XCConfigurationList;
			buildConfigurations = (
				30976DCD29F6320800229416 /* Debug */,
				30976DCE29F6320800229416 /* Release */,
			);
			defaultConfigurationIsVisible = 0;
			defaultConfigurationName = Release;
		};
		30976DCF29F6320800229416 /* Build configuration list for PBXNativeTarget "handy" */ = {
			isa = XCConfigurationList;
			buildConfigurations = (
				30976DD029F6320800229416 /* Debug */,
				30976DD129F6320800229416 /* Release */,
			);
			defaultConfigurationIsVisible = 0;
			defaultConfigurationName = Release;
		};
		F92B138914BA9D7B90495F77 /* Build configuration list for PBXNativeTarget "HandyWidgets" */ = {
			isa = XCConfigurationList;
			buildConfigurations = (
				6D055829BA998ED3BC1D8964 /* Release */,
				90F80A155A93BD14F9FCA040 /* Debug */,
			);
			defaultConfigurationIsVisible = 0;
			defaultConfigurationName = Release;
		};
/* End XCConfigurationList section */
	};
	rootObject = 30976DB329F6320700229416 /* Project object */;
}
