// !$*UTF8*$!
{
	archiveVersion = 1;
	classes = {
	};
	objectVersion = 56;
	objects = {

/* Begin PBXBuildFile section */
		302C18AC29EDBBB600848EB1 /* HandyApp.swift in Sources */ = {isa = PBXBuildFile; fileRef = 302C18AB29EDBBB600848EB1 /* HandyApp.swift */; };
		302C18AE29EDBBB600848EB1 /* ContentView.swift in Sources */ = {isa = PBXBuildFile; fileRef = 302C18AD29EDBBB600848EB1 /* ContentView.swift */; };
		302C18B029EDBBB600848EB1 /* Assets.xcassets in Resources */ = {isa = PBXBuildFile; fileRef = 302C18AF29EDBBB600848EB1 /* Assets.xcassets */; };
		302C18B429EDBBB600848EB1 /* Preview Assets.xcassets in Resources */ = {isa = PBXBuildFile; fileRef = 302C18B329EDBBB600848EB1 /* Preview Assets.xcassets */; };
		302C18BE29EDBBB700848EB1 /* HandyTests.swift in Sources */ = {isa = PBXBuildFile; fileRef = 302C18BD29EDBBB700848EB1 /* HandyTests.swift */; };
		302C18C829EDBBB700848EB1 /* HandyUITests.swift in Sources */ = {isa = PBXBuildFile; fileRef = 302C18C729EDBBB700848EB1 /* HandyUITests.swift */; };
		302C18CA29EDBBB700848EB1 /* HandyUITestsLaunchTests.swift in Sources */ = {isa = PBXBuildFile; fileRef = 302C18C929EDBBB700848EB1 /* HandyUITestsLaunchTests.swift */; };
		302C18D829EDBC0F00848EB1 /* EduQLDBeginner.ttf in Resources */ = {isa = PBXBuildFile; fileRef = 302C18D729EDBC0F00848EB1 /* EduQLDBeginner.ttf */; };
		302C18DB29EDBCEE00848EB1 /* Font+Handwritten.swift in Sources */ = {isa = PBXBuildFile; fileRef = 302C18DA29EDBCEE00848EB1 /* Font+Handwritten.swift */; };
		302C18DE29EDBD3000848EB1 /* Todo.swift in Sources */ = {isa = PBXBuildFile; fileRef = 302C18DD29EDBD3000848EB1 /* Todo.swift */; };
		302C18E029EDBD6B00848EB1 /* Category.swift in Sources */ = {isa = PBXBuildFile; fileRef = 302C18DF29EDBD6B00848EB1 /* Category.swift */; };
		302C18E329EDC2E200848EB1 /* FirebaseAuth in Frameworks */ = {isa = PBXBuildFile; productRef = 302C18E229EDC2E200848EB1 /* FirebaseAuth */; };
		302C18E529EDC2E200848EB1 /* FirebaseFirestoreSwift in Frameworks */ = {isa = PBXBuildFile; productRef = 302C18E429EDC2E200848EB1 /* FirebaseFirestoreSwift */; };
		302C18EB29EDC56700848EB1 /* TodoViewModel.swift in Sources */ = {isa = PBXBuildFile; fileRef = 302C18EA29EDC56700848EB1 /* TodoViewModel.swift */; };
		302C18ED29EDCA4300848EB1 /* GoogleService-Info.plist in Resources */ = {isa = PBXBuildFile; fileRef = 302C18EC29EDCA4300848EB1 /* GoogleService-Info.plist */; };
		302C18EF29EDD07300848EB1 /* TodoCategoryView.swift in Sources */ = {isa = PBXBuildFile; fileRef = 302C18EE29EDD07300848EB1 /* TodoCategoryView.swift */; };
		302C18F129EDD25600848EB1 /* TodoView.swift in Sources */ = {isa = PBXBuildFile; fileRef = 302C18F029EDD25600848EB1 /* TodoView.swift */; };
		3047C3BB29F0CFDA00BC4AF6 /* View+Rotate.swift in Sources */ = {isa = PBXBuildFile; fileRef = 3047C3BA29F0CFDA00BC4AF6 /* View+Rotate.swift */; };
		3047C3BD29F0D86300BC4AF6 /* AddTodoView.swift in Sources */ = {isa = PBXBuildFile; fileRef = 3047C3BC29F0D86300BC4AF6 /* AddTodoView.swift */; };
		304D25BD29F095A800D71C70 /* HandyTodoUITests.swift in Sources */ = {isa = PBXBuildFile; fileRef = 304D25BC29F095A800D71C70 /* HandyTodoUITests.swift */; };
		304D25BF29F095A800D71C70 /* HandyTodoUITestsLaunchTests.swift in Sources */ = {isa = PBXBuildFile; fileRef = 304D25BE29F095A800D71C70 /* HandyTodoUITestsLaunchTests.swift */; };
		304D25C729F09A1700D71C70 /* SnapshotHelper.swift in Sources */ = {isa = PBXBuildFile; fileRef = 304D25C529F09A1700D71C70 /* SnapshotHelper.swift */; };
		30CAA13C29EF5C55006E280A /* UIDevice+DeviceTypes.swift in Sources */ = {isa = PBXBuildFile; fileRef = 30CAA13B29EF5C55006E280A /* UIDevice+DeviceTypes.swift */; };
/* End PBXBuildFile section */

/* Begin PBXContainerItemProxy section */
		302C18BA29EDBBB700848EB1 /* PBXContainerItemProxy */ = {
			isa = PBXContainerItemProxy;
			containerPortal = 302C18A029EDBBB600848EB1 /* Project object */;
			proxyType = 1;
			remoteGlobalIDString = 302C18A729EDBBB600848EB1;
			remoteInfo = Handy;
		};
		302C18C429EDBBB700848EB1 /* PBXContainerItemProxy */ = {
			isa = PBXContainerItemProxy;
			containerPortal = 302C18A029EDBBB600848EB1 /* Project object */;
			proxyType = 1;
			remoteGlobalIDString = 302C18A729EDBBB600848EB1;
			remoteInfo = Handy;
		};
		304D25C029F095A800D71C70 /* PBXContainerItemProxy */ = {
			isa = PBXContainerItemProxy;
			containerPortal = 302C18A029EDBBB600848EB1 /* Project object */;
			proxyType = 1;
			remoteGlobalIDString = 302C18A729EDBBB600848EB1;
			remoteInfo = Handy;
		};
/* End PBXContainerItemProxy section */

/* Begin PBXFileReference section */
		302C18A829EDBBB600848EB1 /* Handy.app */ = {isa = PBXFileReference; explicitFileType = wrapper.application; includeInIndex = 0; path = Handy.app; sourceTree = BUILT_PRODUCTS_DIR; };
		302C18AB29EDBBB600848EB1 /* HandyApp.swift */ = {isa = PBXFileReference; lastKnownFileType = sourcecode.swift; path = HandyApp.swift; sourceTree = "<group>"; };
		302C18AD29EDBBB600848EB1 /* ContentView.swift */ = {isa = PBXFileReference; lastKnownFileType = sourcecode.swift; path = ContentView.swift; sourceTree = "<group>"; };
		302C18AF29EDBBB600848EB1 /* Assets.xcassets */ = {isa = PBXFileReference; lastKnownFileType = folder.assetcatalog; path = Assets.xcassets; sourceTree = "<group>"; };
		302C18B129EDBBB600848EB1 /* Handy.entitlements */ = {isa = PBXFileReference; lastKnownFileType = text.plist.entitlements; path = Handy.entitlements; sourceTree = "<group>"; };
		302C18B329EDBBB600848EB1 /* Preview Assets.xcassets */ = {isa = PBXFileReference; lastKnownFileType = folder.assetcatalog; path = "Preview Assets.xcassets"; sourceTree = "<group>"; };
		302C18B929EDBBB700848EB1 /* HandyTests.xctest */ = {isa = PBXFileReference; explicitFileType = wrapper.cfbundle; includeInIndex = 0; path = HandyTests.xctest; sourceTree = BUILT_PRODUCTS_DIR; };
		302C18BD29EDBBB700848EB1 /* HandyTests.swift */ = {isa = PBXFileReference; lastKnownFileType = sourcecode.swift; path = HandyTests.swift; sourceTree = "<group>"; };
		302C18C329EDBBB700848EB1 /* HandyUITests.xctest */ = {isa = PBXFileReference; explicitFileType = wrapper.cfbundle; includeInIndex = 0; path = HandyUITests.xctest; sourceTree = BUILT_PRODUCTS_DIR; };
		302C18C729EDBBB700848EB1 /* HandyUITests.swift */ = {isa = PBXFileReference; lastKnownFileType = sourcecode.swift; path = HandyUITests.swift; sourceTree = "<group>"; };
		302C18C929EDBBB700848EB1 /* HandyUITestsLaunchTests.swift */ = {isa = PBXFileReference; lastKnownFileType = sourcecode.swift; path = HandyUITestsLaunchTests.swift; sourceTree = "<group>"; };
		302C18D729EDBC0F00848EB1 /* EduQLDBeginner.ttf */ = {isa = PBXFileReference; lastKnownFileType = file; path = EduQLDBeginner.ttf; sourceTree = "<group>"; };
		302C18D929EDBCBC00848EB1 /* Info.plist */ = {isa = PBXFileReference; lastKnownFileType = text.plist; path = Info.plist; sourceTree = "<group>"; };
		302C18DA29EDBCEE00848EB1 /* Font+Handwritten.swift */ = {isa = PBXFileReference; lastKnownFileType = sourcecode.swift; path = "Font+Handwritten.swift"; sourceTree = "<group>"; };
		302C18DD29EDBD3000848EB1 /* Todo.swift */ = {isa = PBXFileReference; lastKnownFileType = sourcecode.swift; path = Todo.swift; sourceTree = "<group>"; };
		302C18DF29EDBD6B00848EB1 /* Category.swift */ = {isa = PBXFileReference; lastKnownFileType = sourcecode.swift; path = Category.swift; sourceTree = "<group>"; };
		302C18EA29EDC56700848EB1 /* TodoViewModel.swift */ = {isa = PBXFileReference; lastKnownFileType = sourcecode.swift; path = TodoViewModel.swift; sourceTree = "<group>"; };
		302C18EC29EDCA4300848EB1 /* GoogleService-Info.plist */ = {isa = PBXFileReference; fileEncoding = 4; lastKnownFileType = text.plist.xml; path = "GoogleService-Info.plist"; sourceTree = "<group>"; };
		302C18EE29EDD07300848EB1 /* TodoCategoryView.swift */ = {isa = PBXFileReference; lastKnownFileType = sourcecode.swift; path = TodoCategoryView.swift; sourceTree = "<group>"; };
		302C18F029EDD25600848EB1 /* TodoView.swift */ = {isa = PBXFileReference; lastKnownFileType = sourcecode.swift; path = TodoView.swift; sourceTree = "<group>"; };
		3047C3BA29F0CFDA00BC4AF6 /* View+Rotate.swift */ = {isa = PBXFileReference; lastKnownFileType = sourcecode.swift; path = "View+Rotate.swift"; sourceTree = "<group>"; };
		3047C3BC29F0D86300BC4AF6 /* AddTodoView.swift */ = {isa = PBXFileReference; lastKnownFileType = sourcecode.swift; path = AddTodoView.swift; sourceTree = "<group>"; };
		304D25BA29F095A800D71C70 /* HandyTodoUITests.xctest */ = {isa = PBXFileReference; explicitFileType = wrapper.cfbundle; includeInIndex = 0; path = HandyTodoUITests.xctest; sourceTree = BUILT_PRODUCTS_DIR; };
		304D25BC29F095A800D71C70 /* HandyTodoUITests.swift */ = {isa = PBXFileReference; lastKnownFileType = sourcecode.swift; path = HandyTodoUITests.swift; sourceTree = "<group>"; };
		304D25BE29F095A800D71C70 /* HandyTodoUITestsLaunchTests.swift */ = {isa = PBXFileReference; lastKnownFileType = sourcecode.swift; path = HandyTodoUITestsLaunchTests.swift; sourceTree = "<group>"; };
		304D25C529F09A1700D71C70 /* SnapshotHelper.swift */ = {isa = PBXFileReference; fileEncoding = 4; lastKnownFileType = sourcecode.swift; path = SnapshotHelper.swift; sourceTree = "<group>"; };
		30CAA13B29EF5C55006E280A /* UIDevice+DeviceTypes.swift */ = {isa = PBXFileReference; lastKnownFileType = sourcecode.swift; path = "UIDevice+DeviceTypes.swift"; sourceTree = "<group>"; };
/* End PBXFileReference section */

/* Begin PBXFrameworksBuildPhase section */
		302C18A529EDBBB600848EB1 /* Frameworks */ = {
			isa = PBXFrameworksBuildPhase;
			buildActionMask = 2147483647;
			files = (
				302C18E329EDC2E200848EB1 /* FirebaseAuth in Frameworks */,
				302C18E529EDC2E200848EB1 /* FirebaseFirestoreSwift in Frameworks */,
			);
			runOnlyForDeploymentPostprocessing = 0;
		};
		302C18B629EDBBB700848EB1 /* Frameworks */ = {
			isa = PBXFrameworksBuildPhase;
			buildActionMask = 2147483647;
			files = (
			);
			runOnlyForDeploymentPostprocessing = 0;
		};
		302C18C029EDBBB700848EB1 /* Frameworks */ = {
			isa = PBXFrameworksBuildPhase;
			buildActionMask = 2147483647;
			files = (
			);
			runOnlyForDeploymentPostprocessing = 0;
		};
		304D25B729F095A800D71C70 /* Frameworks */ = {
			isa = PBXFrameworksBuildPhase;
			buildActionMask = 2147483647;
			files = (
			);
			runOnlyForDeploymentPostprocessing = 0;
		};
/* End PBXFrameworksBuildPhase section */

/* Begin PBXGroup section */
		302C189F29EDBBB600848EB1 = {
			isa = PBXGroup;
			children = (
				302C18EC29EDCA4300848EB1 /* GoogleService-Info.plist */,
				302C18AA29EDBBB600848EB1 /* Handy */,
				302C18BC29EDBBB700848EB1 /* HandyTests */,
				304D25BB29F095A800D71C70 /* HandyTodoUITests */,
				302C18C629EDBBB700848EB1 /* HandyUITests */,
				302C18A929EDBBB600848EB1 /* Products */,
			);
			sourceTree = "<group>";
		};
		302C18A929EDBBB600848EB1 /* Products */ = {
			isa = PBXGroup;
			children = (
				302C18A829EDBBB600848EB1 /* Handy.app */,
				302C18B929EDBBB700848EB1 /* HandyTests.xctest */,
				302C18C329EDBBB700848EB1 /* HandyUITests.xctest */,
				304D25BA29F095A800D71C70 /* HandyTodoUITests.xctest */,
			);
			name = Products;
			sourceTree = "<group>";
		};
		302C18AA29EDBBB600848EB1 /* Handy */ = {
			isa = PBXGroup;
			children = (
				302C18D629EDBBC200848EB1 /* Assets */,
				302C18AF29EDBBB600848EB1 /* Assets.xcassets */,
				302C18B129EDBBB600848EB1 /* Handy.entitlements */,
				302C18AB29EDBBB600848EB1 /* HandyApp.swift */,
				302C18D929EDBCBC00848EB1 /* Info.plist */,
				302C18DC29EDBD2000848EB1 /* Models */,
				302C18B229EDBBB600848EB1 /* Preview Content */,
				3047C3B829F0BFF400BC4AF6 /* Utils */,
				3047C3B929F0C00900BC4AF6 /* ViewModels */,
				3047C3B729F0BFDF00BC4AF6 /* Views */,
			);
			path = Handy;
			sourceTree = "<group>";
		};
		302C18B229EDBBB600848EB1 /* Preview Content */ = {
			isa = PBXGroup;
			children = (
				302C18B329EDBBB600848EB1 /* Preview Assets.xcassets */,
			);
			path = "Preview Content";
			sourceTree = "<group>";
		};
		302C18BC29EDBBB700848EB1 /* HandyTests */ = {
			isa = PBXGroup;
			children = (
				302C18BD29EDBBB700848EB1 /* HandyTests.swift */,
			);
			path = HandyTests;
			sourceTree = "<group>";
		};
		302C18C629EDBBB700848EB1 /* HandyUITests */ = {
			isa = PBXGroup;
			children = (
				302C18C729EDBBB700848EB1 /* HandyUITests.swift */,
				302C18C929EDBBB700848EB1 /* HandyUITestsLaunchTests.swift */,
			);
			path = HandyUITests;
			sourceTree = "<group>";
		};
		302C18D629EDBBC200848EB1 /* Assets */ = {
			isa = PBXGroup;
			children = (
				302C18D729EDBC0F00848EB1 /* EduQLDBeginner.ttf */,
			);
			path = Assets;
			sourceTree = "<group>";
		};
		302C18DC29EDBD2000848EB1 /* Models */ = {
			isa = PBXGroup;
			children = (
				302C18DD29EDBD3000848EB1 /* Todo.swift */,
				302C18DF29EDBD6B00848EB1 /* Category.swift */,
			);
			path = Models;
			sourceTree = "<group>";
		};
		3047C3B729F0BFDF00BC4AF6 /* Views */ = {
			isa = PBXGroup;
			children = (
				302C18AD29EDBBB600848EB1 /* ContentView.swift */,
				302C18EE29EDD07300848EB1 /* TodoCategoryView.swift */,
				302C18F029EDD25600848EB1 /* TodoView.swift */,
				3047C3BC29F0D86300BC4AF6 /* AddTodoView.swift */,
			);
			path = Views;
			sourceTree = "<group>";
		};
		3047C3B829F0BFF400BC4AF6 /* Utils */ = {
			isa = PBXGroup;
			children = (
				302C18DA29EDBCEE00848EB1 /* Font+Handwritten.swift */,
				30CAA13B29EF5C55006E280A /* UIDevice+DeviceTypes.swift */,
				3047C3BA29F0CFDA00BC4AF6 /* View+Rotate.swift */,
			);
			path = Utils;
			sourceTree = "<group>";
		};
		3047C3B929F0C00900BC4AF6 /* ViewModels */ = {
			isa = PBXGroup;
			children = (
				302C18EA29EDC56700848EB1 /* TodoViewModel.swift */,
			);
			path = ViewModels;
			sourceTree = "<group>";
		};
		304D25BB29F095A800D71C70 /* HandyTodoUITests */ = {
			isa = PBXGroup;
			children = (
				304D25C529F09A1700D71C70 /* SnapshotHelper.swift */,
				304D25BC29F095A800D71C70 /* HandyTodoUITests.swift */,
				304D25BE29F095A800D71C70 /* HandyTodoUITestsLaunchTests.swift */,
			);
			path = HandyTodoUITests;
			sourceTree = "<group>";
		};
/* End PBXGroup section */

/* Begin PBXNativeTarget section */
		302C18A729EDBBB600848EB1 /* Handy */ = {
			isa = PBXNativeTarget;
			buildConfigurationList = 302C18CD29EDBBB700848EB1 /* Build configuration list for PBXNativeTarget "Handy" */;
			buildPhases = (
				302C18A429EDBBB600848EB1 /* Sources */,
				302C18A529EDBBB600848EB1 /* Frameworks */,
				302C18A629EDBBB600848EB1 /* Resources */,
			);
			buildRules = (
			);
			dependencies = (
			);
			name = Handy;
			packageProductDependencies = (
				302C18E229EDC2E200848EB1 /* FirebaseAuth */,
				302C18E429EDC2E200848EB1 /* FirebaseFirestoreSwift */,
			);
			productName = Handy;
			productReference = 302C18A829EDBBB600848EB1 /* Handy.app */;
			productType = "com.apple.product-type.application";
		};
		302C18B829EDBBB700848EB1 /* HandyTests */ = {
			isa = PBXNativeTarget;
			buildConfigurationList = 302C18D029EDBBB700848EB1 /* Build configuration list for PBXNativeTarget "HandyTests" */;
			buildPhases = (
				302C18B529EDBBB700848EB1 /* Sources */,
				302C18B629EDBBB700848EB1 /* Frameworks */,
				302C18B729EDBBB700848EB1 /* Resources */,
			);
			buildRules = (
			);
			dependencies = (
				302C18BB29EDBBB700848EB1 /* PBXTargetDependency */,
			);
			name = HandyTests;
			productName = HandyTests;
			productReference = 302C18B929EDBBB700848EB1 /* HandyTests.xctest */;
			productType = "com.apple.product-type.bundle.unit-test";
		};
		302C18C229EDBBB700848EB1 /* HandyUITests */ = {
			isa = PBXNativeTarget;
			buildConfigurationList = 302C18D329EDBBB700848EB1 /* Build configuration list for PBXNativeTarget "HandyUITests" */;
			buildPhases = (
				302C18BF29EDBBB700848EB1 /* Sources */,
				302C18C029EDBBB700848EB1 /* Frameworks */,
				302C18C129EDBBB700848EB1 /* Resources */,
			);
			buildRules = (
			);
			dependencies = (
				302C18C529EDBBB700848EB1 /* PBXTargetDependency */,
			);
			name = HandyUITests;
			productName = HandyUITests;
			productReference = 302C18C329EDBBB700848EB1 /* HandyUITests.xctest */;
			productType = "com.apple.product-type.bundle.ui-testing";
		};
		304D25B929F095A800D71C70 /* HandyTodoUITests */ = {
			isa = PBXNativeTarget;
			buildConfigurationList = 304D25C429F095A900D71C70 /* Build configuration list for PBXNativeTarget "HandyTodoUITests" */;
			buildPhases = (
				304D25B629F095A800D71C70 /* Sources */,
				304D25B729F095A800D71C70 /* Frameworks */,
				304D25B829F095A800D71C70 /* Resources */,
			);
			buildRules = (
			);
			dependencies = (
				304D25C129F095A800D71C70 /* PBXTargetDependency */,
			);
			name = HandyTodoUITests;
			productName = HandyTodoUITests;
			productReference = 304D25BA29F095A800D71C70 /* HandyTodoUITests.xctest */;
			productType = "com.apple.product-type.bundle.ui-testing";
		};
/* End PBXNativeTarget section */

/* Begin PBXProject section */
		302C18A029EDBBB600848EB1 /* Project object */ = {
			isa = PBXProject;
			attributes = {
				BuildIndependentTargetsInParallel = 1;
				LastSwiftUpdateCheck = 1430;
				LastUpgradeCheck = 1430;
				TargetAttributes = {
					302C18A729EDBBB600848EB1 = {
						CreatedOnToolsVersion = 14.3;
					};
					302C18B829EDBBB700848EB1 = {
						CreatedOnToolsVersion = 14.3;
						TestTargetID = 302C18A729EDBBB600848EB1;
					};
					302C18C229EDBBB700848EB1 = {
						CreatedOnToolsVersion = 14.3;
						TestTargetID = 302C18A729EDBBB600848EB1;
					};
					304D25B929F095A800D71C70 = {
						CreatedOnToolsVersion = 14.3;
						TestTargetID = 302C18A729EDBBB600848EB1;
					};
				};
			};
			buildConfigurationList = 302C18A329EDBBB600848EB1 /* Build configuration list for PBXProject "Handy" */;
			compatibilityVersion = "Xcode 14.0";
			developmentRegion = en;
			hasScannedForEncodings = 0;
			knownRegions = (
				en,
				Base,
			);
			mainGroup = 302C189F29EDBBB600848EB1;
			packageReferences = (
				302C18E129EDC2E200848EB1 /* XCRemoteSwiftPackageReference "firebase-ios-sdk" */,
			);
			productRefGroup = 302C18A929EDBBB600848EB1 /* Products */;
			projectDirPath = "";
			projectRoot = "";
			targets = (
				302C18A729EDBBB600848EB1 /* Handy */,
				302C18B829EDBBB700848EB1 /* HandyTests */,
				302C18C229EDBBB700848EB1 /* HandyUITests */,
				304D25B929F095A800D71C70 /* HandyTodoUITests */,
			);
		};
/* End PBXProject section */

/* Begin PBXResourcesBuildPhase section */
		302C18A629EDBBB600848EB1 /* Resources */ = {
			isa = PBXResourcesBuildPhase;
			buildActionMask = 2147483647;
			files = (
				302C18B429EDBBB600848EB1 /* Preview Assets.xcassets in Resources */,
				302C18ED29EDCA4300848EB1 /* GoogleService-Info.plist in Resources */,
				302C18B029EDBBB600848EB1 /* Assets.xcassets in Resources */,
				302C18D829EDBC0F00848EB1 /* EduQLDBeginner.ttf in Resources */,
			);
			runOnlyForDeploymentPostprocessing = 0;
		};
		302C18B729EDBBB700848EB1 /* Resources */ = {
			isa = PBXResourcesBuildPhase;
			buildActionMask = 2147483647;
			files = (
			);
			runOnlyForDeploymentPostprocessing = 0;
		};
		302C18C129EDBBB700848EB1 /* Resources */ = {
			isa = PBXResourcesBuildPhase;
			buildActionMask = 2147483647;
			files = (
			);
			runOnlyForDeploymentPostprocessing = 0;
		};
		304D25B829F095A800D71C70 /* Resources */ = {
			isa = PBXResourcesBuildPhase;
			buildActionMask = 2147483647;
			files = (
			);
			runOnlyForDeploymentPostprocessing = 0;
		};
/* End PBXResourcesBuildPhase section */

/* Begin PBXSourcesBuildPhase section */
		302C18A429EDBBB600848EB1 /* Sources */ = {
			isa = PBXSourcesBuildPhase;
			buildActionMask = 2147483647;
			files = (
				302C18AE29EDBBB600848EB1 /* ContentView.swift in Sources */,
				302C18EB29EDC56700848EB1 /* TodoViewModel.swift in Sources */,
				302C18F129EDD25600848EB1 /* TodoView.swift in Sources */,
				302C18E029EDBD6B00848EB1 /* Category.swift in Sources */,
				302C18AC29EDBBB600848EB1 /* HandyApp.swift in Sources */,
				30CAA13C29EF5C55006E280A /* UIDevice+DeviceTypes.swift in Sources */,
				3047C3BD29F0D86300BC4AF6 /* AddTodoView.swift in Sources */,
				302C18EF29EDD07300848EB1 /* TodoCategoryView.swift in Sources */,
				302C18DB29EDBCEE00848EB1 /* Font+Handwritten.swift in Sources */,
				302C18DE29EDBD3000848EB1 /* Todo.swift in Sources */,
				3047C3BB29F0CFDA00BC4AF6 /* View+Rotate.swift in Sources */,
			);
			runOnlyForDeploymentPostprocessing = 0;
		};
		302C18B529EDBBB700848EB1 /* Sources */ = {
			isa = PBXSourcesBuildPhase;
			buildActionMask = 2147483647;
			files = (
				302C18BE29EDBBB700848EB1 /* HandyTests.swift in Sources */,
			);
			runOnlyForDeploymentPostprocessing = 0;
		};
		302C18BF29EDBBB700848EB1 /* Sources */ = {
			isa = PBXSourcesBuildPhase;
			buildActionMask = 2147483647;
			files = (
				302C18C829EDBBB700848EB1 /* HandyUITests.swift in Sources */,
				302C18CA29EDBBB700848EB1 /* HandyUITestsLaunchTests.swift in Sources */,
			);
			runOnlyForDeploymentPostprocessing = 0;
		};
		304D25B629F095A800D71C70 /* Sources */ = {
			isa = PBXSourcesBuildPhase;
			buildActionMask = 2147483647;
			files = (
				304D25BD29F095A800D71C70 /* HandyTodoUITests.swift in Sources */,
				304D25BF29F095A800D71C70 /* HandyTodoUITestsLaunchTests.swift in Sources */,
				304D25C729F09A1700D71C70 /* SnapshotHelper.swift in Sources */,
			);
			runOnlyForDeploymentPostprocessing = 0;
		};
/* End PBXSourcesBuildPhase section */

/* Begin PBXTargetDependency section */
		302C18BB29EDBBB700848EB1 /* PBXTargetDependency */ = {
			isa = PBXTargetDependency;
			target = 302C18A729EDBBB600848EB1 /* Handy */;
			targetProxy = 302C18BA29EDBBB700848EB1 /* PBXContainerItemProxy */;
		};
		302C18C529EDBBB700848EB1 /* PBXTargetDependency */ = {
			isa = PBXTargetDependency;
			target = 302C18A729EDBBB600848EB1 /* Handy */;
			targetProxy = 302C18C429EDBBB700848EB1 /* PBXContainerItemProxy */;
		};
		304D25C129F095A800D71C70 /* PBXTargetDependency */ = {
			isa = PBXTargetDependency;
			target = 302C18A729EDBBB600848EB1 /* Handy */;
			targetProxy = 304D25C029F095A800D71C70 /* PBXContainerItemProxy */;
		};
/* End PBXTargetDependency section */

/* Begin XCBuildConfiguration section */
		302C18CB29EDBBB700848EB1 /* Debug */ = {
			isa = XCBuildConfiguration;
			buildSettings = {
				ALWAYS_SEARCH_USER_PATHS = NO;
				CLANG_ANALYZER_NONNULL = YES;
				CLANG_ANALYZER_NUMBER_OBJECT_CONVERSION = YES_AGGRESSIVE;
				CLANG_CXX_LANGUAGE_STANDARD = "gnu++20";
				CLANG_ENABLE_MODULES = YES;
				CLANG_ENABLE_OBJC_ARC = YES;
				CLANG_ENABLE_OBJC_WEAK = YES;
				CLANG_WARN_BLOCK_CAPTURE_AUTORELEASING = YES;
				CLANG_WARN_BOOL_CONVERSION = YES;
				CLANG_WARN_COMMA = YES;
				CLANG_WARN_CONSTANT_CONVERSION = YES;
				CLANG_WARN_DEPRECATED_OBJC_IMPLEMENTATIONS = YES;
				CLANG_WARN_DIRECT_OBJC_ISA_USAGE = YES_ERROR;
				CLANG_WARN_DOCUMENTATION_COMMENTS = YES;
				CLANG_WARN_EMPTY_BODY = YES;
				CLANG_WARN_ENUM_CONVERSION = YES;
				CLANG_WARN_INFINITE_RECURSION = YES;
				CLANG_WARN_INT_CONVERSION = YES;
				CLANG_WARN_NON_LITERAL_NULL_CONVERSION = YES;
				CLANG_WARN_OBJC_IMPLICIT_RETAIN_SELF = YES;
				CLANG_WARN_OBJC_LITERAL_CONVERSION = YES;
				CLANG_WARN_OBJC_ROOT_CLASS = YES_ERROR;
				CLANG_WARN_QUOTED_INCLUDE_IN_FRAMEWORK_HEADER = YES;
				CLANG_WARN_RANGE_LOOP_ANALYSIS = YES;
				CLANG_WARN_STRICT_PROTOTYPES = YES;
				CLANG_WARN_SUSPICIOUS_MOVE = YES;
				CLANG_WARN_UNGUARDED_AVAILABILITY = YES_AGGRESSIVE;
				CLANG_WARN_UNREACHABLE_CODE = YES;
				CLANG_WARN__DUPLICATE_METHOD_MATCH = YES;
				COPY_PHASE_STRIP = NO;
				DEBUG_INFORMATION_FORMAT = dwarf;
				ENABLE_STRICT_OBJC_MSGSEND = YES;
				ENABLE_TESTABILITY = YES;
				GCC_C_LANGUAGE_STANDARD = gnu11;
				GCC_DYNAMIC_NO_PIC = NO;
				GCC_NO_COMMON_BLOCKS = YES;
				GCC_OPTIMIZATION_LEVEL = 0;
				GCC_PREPROCESSOR_DEFINITIONS = (
					"DEBUG=1",
					"$(inherited)",
				);
				GCC_WARN_64_TO_32_BIT_CONVERSION = YES;
				GCC_WARN_ABOUT_RETURN_TYPE = YES_ERROR;
				GCC_WARN_UNDECLARED_SELECTOR = YES;
				GCC_WARN_UNINITIALIZED_AUTOS = YES_AGGRESSIVE;
				GCC_WARN_UNUSED_FUNCTION = YES;
				GCC_WARN_UNUSED_VARIABLE = YES;
				MTL_ENABLE_DEBUG_INFO = INCLUDE_SOURCE;
				MTL_FAST_MATH = YES;
				ONLY_ACTIVE_ARCH = YES;
				SWIFT_ACTIVE_COMPILATION_CONDITIONS = DEBUG;
				SWIFT_OPTIMIZATION_LEVEL = "-Onone";
			};
			name = Debug;
		};
		302C18CC29EDBBB700848EB1 /* Release */ = {
			isa = XCBuildConfiguration;
			buildSettings = {
				ALWAYS_SEARCH_USER_PATHS = NO;
				CLANG_ANALYZER_NONNULL = YES;
				CLANG_ANALYZER_NUMBER_OBJECT_CONVERSION = YES_AGGRESSIVE;
				CLANG_CXX_LANGUAGE_STANDARD = "gnu++20";
				CLANG_ENABLE_MODULES = YES;
				CLANG_ENABLE_OBJC_ARC = YES;
				CLANG_ENABLE_OBJC_WEAK = YES;
				CLANG_WARN_BLOCK_CAPTURE_AUTORELEASING = YES;
				CLANG_WARN_BOOL_CONVERSION = YES;
				CLANG_WARN_COMMA = YES;
				CLANG_WARN_CONSTANT_CONVERSION = YES;
				CLANG_WARN_DEPRECATED_OBJC_IMPLEMENTATIONS = YES;
				CLANG_WARN_DIRECT_OBJC_ISA_USAGE = YES_ERROR;
				CLANG_WARN_DOCUMENTATION_COMMENTS = YES;
				CLANG_WARN_EMPTY_BODY = YES;
				CLANG_WARN_ENUM_CONVERSION = YES;
				CLANG_WARN_INFINITE_RECURSION = YES;
				CLANG_WARN_INT_CONVERSION = YES;
				CLANG_WARN_NON_LITERAL_NULL_CONVERSION = YES;
				CLANG_WARN_OBJC_IMPLICIT_RETAIN_SELF = YES;
				CLANG_WARN_OBJC_LITERAL_CONVERSION = YES;
				CLANG_WARN_OBJC_ROOT_CLASS = YES_ERROR;
				CLANG_WARN_QUOTED_INCLUDE_IN_FRAMEWORK_HEADER = YES;
				CLANG_WARN_RANGE_LOOP_ANALYSIS = YES;
				CLANG_WARN_STRICT_PROTOTYPES = YES;
				CLANG_WARN_SUSPICIOUS_MOVE = YES;
				CLANG_WARN_UNGUARDED_AVAILABILITY = YES_AGGRESSIVE;
				CLANG_WARN_UNREACHABLE_CODE = YES;
				CLANG_WARN__DUPLICATE_METHOD_MATCH = YES;
				COPY_PHASE_STRIP = NO;
				DEBUG_INFORMATION_FORMAT = "dwarf-with-dsym";
				ENABLE_NS_ASSERTIONS = NO;
				ENABLE_STRICT_OBJC_MSGSEND = YES;
				GCC_C_LANGUAGE_STANDARD = gnu11;
				GCC_NO_COMMON_BLOCKS = YES;
				GCC_WARN_64_TO_32_BIT_CONVERSION = YES;
				GCC_WARN_ABOUT_RETURN_TYPE = YES_ERROR;
				GCC_WARN_UNDECLARED_SELECTOR = YES;
				GCC_WARN_UNINITIALIZED_AUTOS = YES_AGGRESSIVE;
				GCC_WARN_UNUSED_FUNCTION = YES;
				GCC_WARN_UNUSED_VARIABLE = YES;
				MTL_ENABLE_DEBUG_INFO = NO;
				MTL_FAST_MATH = YES;
				SWIFT_COMPILATION_MODE = wholemodule;
				SWIFT_OPTIMIZATION_LEVEL = "-O";
			};
			name = Release;
		};
		302C18CE29EDBBB700848EB1 /* Debug */ = {
			isa = XCBuildConfiguration;
			buildSettings = {
				ASSETCATALOG_COMPILER_APPICON_NAME = AppIcon;
				ASSETCATALOG_COMPILER_GLOBAL_ACCENT_COLOR_NAME = AccentColor;
				CODE_SIGN_ENTITLEMENTS = Handy/Handy.entitlements;
				CODE_SIGN_IDENTITY = "Apple Development";
				CODE_SIGN_STYLE = Automatic;
				CURRENT_PROJECT_VERSION = 2;
				DEVELOPMENT_ASSET_PATHS = "\"Handy/Preview Content\"";
				DEVELOPMENT_TEAM = V3HN8HXZYK;
				ENABLE_HARDENED_RUNTIME = YES;
				ENABLE_PREVIEWS = YES;
				GENERATE_INFOPLIST_FILE = YES;
				INFOPLIST_FILE = Handy/Info.plist;
				INFOPLIST_KEY_CFBundleDisplayName = "Handy Todos";
				INFOPLIST_KEY_LSApplicationCategoryType = "public.app-category.productivity";
				"INFOPLIST_KEY_UIApplicationSceneManifest_Generation[sdk=iphoneos*]" = YES;
				"INFOPLIST_KEY_UIApplicationSceneManifest_Generation[sdk=iphonesimulator*]" = YES;
				"INFOPLIST_KEY_UIApplicationSupportsIndirectInputEvents[sdk=iphoneos*]" = YES;
				"INFOPLIST_KEY_UIApplicationSupportsIndirectInputEvents[sdk=iphonesimulator*]" = YES;
				"INFOPLIST_KEY_UILaunchScreen_Generation[sdk=iphoneos*]" = YES;
				"INFOPLIST_KEY_UILaunchScreen_Generation[sdk=iphonesimulator*]" = YES;
				"INFOPLIST_KEY_UIStatusBarStyle[sdk=iphoneos*]" = UIStatusBarStyleDefault;
				"INFOPLIST_KEY_UIStatusBarStyle[sdk=iphonesimulator*]" = UIStatusBarStyleDefault;
				INFOPLIST_KEY_UISupportedInterfaceOrientations_iPad = "UIInterfaceOrientationPortrait UIInterfaceOrientationPortraitUpsideDown UIInterfaceOrientationLandscapeLeft UIInterfaceOrientationLandscapeRight";
				INFOPLIST_KEY_UISupportedInterfaceOrientations_iPhone = "UIInterfaceOrientationPortrait UIInterfaceOrientationLandscapeLeft UIInterfaceOrientationLandscapeRight";
				INFOPLIST_KEY_UIUserInterfaceStyle = Dark;
				IPHONEOS_DEPLOYMENT_TARGET = 16.0;
				LD_RUNPATH_SEARCH_PATHS = "@executable_path/Frameworks";
				"LD_RUNPATH_SEARCH_PATHS[sdk=macosx*]" = "@executable_path/../Frameworks";
				MACOSX_DEPLOYMENT_TARGET = 13.3;
				MARKETING_VERSION = 1.0;
				PRODUCT_BUNDLE_IDENTIFIER = com.stringsaeed.handy.todo;
				PRODUCT_NAME = "$(TARGET_NAME)";
				PROVISIONING_PROFILE_SPECIFIER = "";
				SDKROOT = auto;
				SUPPORTED_PLATFORMS = "iphoneos iphonesimulator macosx";
				SUPPORTS_MACCATALYST = NO;
				SUPPORTS_MAC_DESIGNED_FOR_IPHONE_IPAD = NO;
				SWIFT_EMIT_LOC_STRINGS = YES;
				SWIFT_VERSION = 5.0;
				TARGETED_DEVICE_FAMILY = "1,2";
			};
			name = Debug;
		};
		302C18CF29EDBBB700848EB1 /* Release */ = {
			isa = XCBuildConfiguration;
			buildSettings = {
				ASSETCATALOG_COMPILER_APPICON_NAME = AppIcon;
				ASSETCATALOG_COMPILER_GLOBAL_ACCENT_COLOR_NAME = AccentColor;
				CODE_SIGN_ENTITLEMENTS = Handy/Handy.entitlements;
				CODE_SIGN_IDENTITY = "Apple Development";
				CODE_SIGN_STYLE = Automatic;
				CURRENT_PROJECT_VERSION = 2;
				DEVELOPMENT_ASSET_PATHS = "\"Handy/Preview Content\"";
				DEVELOPMENT_TEAM = V3HN8HXZYK;
				ENABLE_HARDENED_RUNTIME = YES;
				ENABLE_PREVIEWS = YES;
				GENERATE_INFOPLIST_FILE = YES;
				INFOPLIST_FILE = Handy/Info.plist;
				INFOPLIST_KEY_CFBundleDisplayName = "Handy Todos";
				INFOPLIST_KEY_LSApplicationCategoryType = "public.app-category.productivity";
				"INFOPLIST_KEY_UIApplicationSceneManifest_Generation[sdk=iphoneos*]" = YES;
				"INFOPLIST_KEY_UIApplicationSceneManifest_Generation[sdk=iphonesimulator*]" = YES;
				"INFOPLIST_KEY_UIApplicationSupportsIndirectInputEvents[sdk=iphoneos*]" = YES;
				"INFOPLIST_KEY_UIApplicationSupportsIndirectInputEvents[sdk=iphonesimulator*]" = YES;
				"INFOPLIST_KEY_UILaunchScreen_Generation[sdk=iphoneos*]" = YES;
				"INFOPLIST_KEY_UILaunchScreen_Generation[sdk=iphonesimulator*]" = YES;
				"INFOPLIST_KEY_UIStatusBarStyle[sdk=iphoneos*]" = UIStatusBarStyleDefault;
				"INFOPLIST_KEY_UIStatusBarStyle[sdk=iphonesimulator*]" = UIStatusBarStyleDefault;
				INFOPLIST_KEY_UISupportedInterfaceOrientations_iPad = "UIInterfaceOrientationPortrait UIInterfaceOrientationPortraitUpsideDown UIInterfaceOrientationLandscapeLeft UIInterfaceOrientationLandscapeRight";
				INFOPLIST_KEY_UISupportedInterfaceOrientations_iPhone = "UIInterfaceOrientationPortrait UIInterfaceOrientationLandscapeLeft UIInterfaceOrientationLandscapeRight";
				INFOPLIST_KEY_UIUserInterfaceStyle = Dark;
				IPHONEOS_DEPLOYMENT_TARGET = 16.0;
				LD_RUNPATH_SEARCH_PATHS = "@executable_path/Frameworks";
				"LD_RUNPATH_SEARCH_PATHS[sdk=macosx*]" = "@executable_path/../Frameworks";
				MACOSX_DEPLOYMENT_TARGET = 13.3;
				MARKETING_VERSION = 1.0;
				PRODUCT_BUNDLE_IDENTIFIER = com.stringsaeed.handy.todo;
				PRODUCT_NAME = "$(TARGET_NAME)";
				PROVISIONING_PROFILE_SPECIFIER = "";
				SDKROOT = auto;
				SUPPORTED_PLATFORMS = "iphoneos iphonesimulator macosx";
				SUPPORTS_MACCATALYST = NO;
				SUPPORTS_MAC_DESIGNED_FOR_IPHONE_IPAD = NO;
				SWIFT_EMIT_LOC_STRINGS = YES;
				SWIFT_VERSION = 5.0;
				TARGETED_DEVICE_FAMILY = "1,2";
			};
			name = Release;
		};
		302C18D129EDBBB700848EB1 /* Debug */ = {
			isa = XCBuildConfiguration;
			buildSettings = {
				ALWAYS_EMBED_SWIFT_STANDARD_LIBRARIES = YES;
				BUNDLE_LOADER = "$(TEST_HOST)";
				CODE_SIGN_STYLE = Automatic;
				CURRENT_PROJECT_VERSION = 2;
				DEVELOPMENT_TEAM = V3HN8HXZYK;
				GENERATE_INFOPLIST_FILE = YES;
				IPHONEOS_DEPLOYMENT_TARGET = 16.4;
				MACOSX_DEPLOYMENT_TARGET = 13.3;
				MARKETING_VERSION = 1.0;
				PRODUCT_BUNDLE_IDENTIFIER = com.stringsaeed.HandyTests;
				PRODUCT_NAME = "$(TARGET_NAME)";
				SDKROOT = auto;
				SUPPORTED_PLATFORMS = "iphoneos iphonesimulator macosx";
				SWIFT_EMIT_LOC_STRINGS = NO;
				SWIFT_VERSION = 5.0;
				TARGETED_DEVICE_FAMILY = "1,2";
				TEST_HOST = "$(BUILT_PRODUCTS_DIR)/Handy.app/$(BUNDLE_EXECUTABLE_FOLDER_PATH)/Handy";
			};
			name = Debug;
		};
		302C18D229EDBBB700848EB1 /* Release */ = {
			isa = XCBuildConfiguration;
			buildSettings = {
				ALWAYS_EMBED_SWIFT_STANDARD_LIBRARIES = YES;
				BUNDLE_LOADER = "$(TEST_HOST)";
				CODE_SIGN_STYLE = Automatic;
				CURRENT_PROJECT_VERSION = 2;
				DEVELOPMENT_TEAM = V3HN8HXZYK;
				GENERATE_INFOPLIST_FILE = YES;
				IPHONEOS_DEPLOYMENT_TARGET = 16.4;
				MACOSX_DEPLOYMENT_TARGET = 13.3;
				MARKETING_VERSION = 1.0;
				PRODUCT_BUNDLE_IDENTIFIER = com.stringsaeed.HandyTests;
				PRODUCT_NAME = "$(TARGET_NAME)";
				SDKROOT = auto;
				SUPPORTED_PLATFORMS = "iphoneos iphonesimulator macosx";
				SWIFT_EMIT_LOC_STRINGS = NO;
				SWIFT_VERSION = 5.0;
				TARGETED_DEVICE_FAMILY = "1,2";
				TEST_HOST = "$(BUILT_PRODUCTS_DIR)/Handy.app/$(BUNDLE_EXECUTABLE_FOLDER_PATH)/Handy";
			};
			name = Release;
		};
		302C18D429EDBBB700848EB1 /* Debug */ = {
			isa = XCBuildConfiguration;
			buildSettings = {
				ALWAYS_EMBED_SWIFT_STANDARD_LIBRARIES = YES;
				CODE_SIGN_STYLE = Automatic;
				CURRENT_PROJECT_VERSION = 2;
				DEVELOPMENT_TEAM = V3HN8HXZYK;
				GENERATE_INFOPLIST_FILE = YES;
				IPHONEOS_DEPLOYMENT_TARGET = 16.4;
				MACOSX_DEPLOYMENT_TARGET = 13.3;
				MARKETING_VERSION = 1.0;
				PRODUCT_BUNDLE_IDENTIFIER = com.stringsaeed.HandyUITests;
				PRODUCT_NAME = "$(TARGET_NAME)";
				SDKROOT = auto;
				SUPPORTED_PLATFORMS = "iphoneos iphonesimulator macosx";
				SWIFT_EMIT_LOC_STRINGS = NO;
				SWIFT_VERSION = 5.0;
				TARGETED_DEVICE_FAMILY = "1,2";
				TEST_TARGET_NAME = Handy;
			};
			name = Debug;
		};
		302C18D529EDBBB700848EB1 /* Release */ = {
			isa = XCBuildConfiguration;
			buildSettings = {
				ALWAYS_EMBED_SWIFT_STANDARD_LIBRARIES = YES;
				CODE_SIGN_STYLE = Automatic;
				CURRENT_PROJECT_VERSION = 2;
				DEVELOPMENT_TEAM = V3HN8HXZYK;
				GENERATE_INFOPLIST_FILE = YES;
				IPHONEOS_DEPLOYMENT_TARGET = 16.4;
				MACOSX_DEPLOYMENT_TARGET = 13.3;
				MARKETING_VERSION = 1.0;
				PRODUCT_BUNDLE_IDENTIFIER = com.stringsaeed.HandyUITests;
				PRODUCT_NAME = "$(TARGET_NAME)";
				SDKROOT = auto;
				SUPPORTED_PLATFORMS = "iphoneos iphonesimulator macosx";
				SWIFT_EMIT_LOC_STRINGS = NO;
				SWIFT_VERSION = 5.0;
				TARGETED_DEVICE_FAMILY = "1,2";
				TEST_TARGET_NAME = Handy;
			};
			name = Release;
		};
		304D25C229F095A900D71C70 /* Debug */ = {
			isa = XCBuildConfiguration;
			buildSettings = {
				CODE_SIGN_STYLE = Automatic;
				CURRENT_PROJECT_VERSION = 2;
				DEVELOPMENT_TEAM = V3HN8HXZYK;
				GENERATE_INFOPLIST_FILE = YES;
				IPHONEOS_DEPLOYMENT_TARGET = 16.4;
				MARKETING_VERSION = 1.0;
				PRODUCT_BUNDLE_IDENTIFIER = com.stringsaeed.HandyTodoUITests;
				PRODUCT_NAME = "$(TARGET_NAME)";
				SDKROOT = iphoneos;
				SWIFT_EMIT_LOC_STRINGS = NO;
				SWIFT_VERSION = 5.0;
				TARGETED_DEVICE_FAMILY = "1,2";
				TEST_TARGET_NAME = Handy;
			};
			name = Debug;
		};
		304D25C329F095A900D71C70 /* Release */ = {
			isa = XCBuildConfiguration;
			buildSettings = {
				CODE_SIGN_STYLE = Automatic;
				CURRENT_PROJECT_VERSION = 2;
				DEVELOPMENT_TEAM = V3HN8HXZYK;
				GENERATE_INFOPLIST_FILE = YES;
				IPHONEOS_DEPLOYMENT_TARGET = 16.4;
				MARKETING_VERSION = 1.0;
				PRODUCT_BUNDLE_IDENTIFIER = com.stringsaeed.HandyTodoUITests;
				PRODUCT_NAME = "$(TARGET_NAME)";
				SDKROOT = iphoneos;
				SWIFT_EMIT_LOC_STRINGS = NO;
				SWIFT_VERSION = 5.0;
				TARGETED_DEVICE_FAMILY = "1,2";
				TEST_TARGET_NAME = Handy;
				VALIDATE_PRODUCT = YES;
			};
			name = Release;
		};
/* End XCBuildConfiguration section */

/* Begin XCConfigurationList section */
		302C18A329EDBBB600848EB1 /* Build configuration list for PBXProject "Handy" */ = {
			isa = XCConfigurationList;
			buildConfigurations = (
				302C18CB29EDBBB700848EB1 /* Debug */,
				302C18CC29EDBBB700848EB1 /* Release */,
			);
			defaultConfigurationIsVisible = 0;
			defaultConfigurationName = Release;
		};
		302C18CD29EDBBB700848EB1 /* Build configuration list for PBXNativeTarget "Handy" */ = {
			isa = XCConfigurationList;
			buildConfigurations = (
				302C18CE29EDBBB700848EB1 /* Debug */,
				302C18CF29EDBBB700848EB1 /* Release */,
			);
			defaultConfigurationIsVisible = 0;
			defaultConfigurationName = Release;
		};
		302C18D029EDBBB700848EB1 /* Build configuration list for PBXNativeTarget "HandyTests" */ = {
			isa = XCConfigurationList;
			buildConfigurations = (
				302C18D129EDBBB700848EB1 /* Debug */,
				302C18D229EDBBB700848EB1 /* Release */,
			);
			defaultConfigurationIsVisible = 0;
			defaultConfigurationName = Release;
		};
		302C18D329EDBBB700848EB1 /* Build configuration list for PBXNativeTarget "HandyUITests" */ = {
			isa = XCConfigurationList;
			buildConfigurations = (
				302C18D429EDBBB700848EB1 /* Debug */,
				302C18D529EDBBB700848EB1 /* Release */,
			);
			defaultConfigurationIsVisible = 0;
			defaultConfigurationName = Release;
		};
		304D25C429F095A900D71C70 /* Build configuration list for PBXNativeTarget "HandyTodoUITests" */ = {
			isa = XCConfigurationList;
			buildConfigurations = (
				304D25C229F095A900D71C70 /* Debug */,
				304D25C329F095A900D71C70 /* Release */,
			);
			defaultConfigurationIsVisible = 0;
			defaultConfigurationName = Release;
		};
/* End XCConfigurationList section */

/* Begin XCRemoteSwiftPackageReference section */
		302C18E129EDC2E200848EB1 /* XCRemoteSwiftPackageReference "firebase-ios-sdk" */ = {
			isa = XCRemoteSwiftPackageReference;
			repositoryURL = "https://github.com/firebase/firebase-ios-sdk";
			requirement = {
				kind = upToNextMajorVersion;
				minimumVersion = 10.0.0;
			};
		};
/* End XCRemoteSwiftPackageReference section */

/* Begin XCSwiftPackageProductDependency section */
		302C18E229EDC2E200848EB1 /* FirebaseAuth */ = {
			isa = XCSwiftPackageProductDependency;
			package = 302C18E129EDC2E200848EB1 /* XCRemoteSwiftPackageReference "firebase-ios-sdk" */;
			productName = FirebaseAuth;
		};
		302C18E429EDC2E200848EB1 /* FirebaseFirestoreSwift */ = {
			isa = XCSwiftPackageProductDependency;
			package = 302C18E129EDC2E200848EB1 /* XCRemoteSwiftPackageReference "firebase-ios-sdk" */;
			productName = FirebaseFirestoreSwift;
		};
/* End XCSwiftPackageProductDependency section */
	};
	rootObject = 302C18A029EDBBB600848EB1 /* Project object */;
}
